{
  "version": 4,
  "terraform_version": "1.9.5",
  "serial": 56,
  "lineage": "485384d4-ced2-c248-bd70-0c301dc3cc7c",
  "outputs": {
    "cluster_arn": {
      "value": "arn:aws:ecs:us-east-1:654654297114:cluster/my-ecs",
      "type": "string"
    },
    "cluster_autoscaling_capacity_providers": {
      "value": {},
      "type": [
        "object",
        {}
      ]
    },
    "cluster_capacity_providers": {
      "value": {
        "my-ecs": {
          "capacity_providers": [
            "FARGATE_SPOT"
          ],
          "cluster_name": "my-ecs",
          "default_capacity_provider_strategy": [
            {
              "base": 0,
              "capacity_provider": "FARGATE_SPOT",
              "weight": 100
            }
          ],
          "id": "my-ecs"
        }
      },
      "type": [
        "object",
        {
          "my-ecs": [
            "object",
            {
              "capacity_providers": [
                "set",
                "string"
              ],
              "cluster_name": "string",
              "default_capacity_provider_strategy": [
                "set",
                [
                  "object",
                  {
                    "base": "number",
                    "capacity_provider": "string",
                    "weight": "number"
                  }
                ]
              ],
              "id": "string"
            }
          ]
        }
      ]
    },
    "cluster_id": {
      "value": "arn:aws:ecs:us-east-1:654654297114:cluster/my-ecs",
      "type": "string"
    },
    "cluster_name": {
      "value": "my-ecs",
      "type": "string"
    },
    "service_autoscaling_policies": {
      "value": {
        "cpu": {
          "alarm_arns": [
            "arn:aws:cloudwatch:us-east-1:654654297114:alarm:TargetTracking-service/my-ecs/my-ecs-AlarmHigh-66037884-f5c3-4e56-83eb-56fc735ed691",
            "arn:aws:cloudwatch:us-east-1:654654297114:alarm:TargetTracking-service/my-ecs/my-ecs-AlarmLow-0721b84a-2f9c-418a-9387-0d6b5811af96"
          ],
          "arn": "arn:aws:autoscaling:us-east-1:654654297114:scalingPolicy:c2ff526a-3699-4495-b3ff-73c1c69551ba:resource/ecs/service/my-ecs/my-ecs:policyName/cpu",
          "id": "cpu",
          "name": "cpu",
          "policy_type": "TargetTrackingScaling",
          "resource_id": "service/my-ecs/my-ecs",
          "scalable_dimension": "ecs:service:DesiredCount",
          "service_namespace": "ecs",
          "step_scaling_policy_configuration": [],
          "target_tracking_scaling_policy_configuration": [
            {
              "customized_metric_specification": [],
              "disable_scale_in": false,
              "predefined_metric_specification": [
                {
                  "predefined_metric_type": "ECSServiceAverageCPUUtilization",
                  "resource_label": ""
                }
              ],
              "scale_in_cooldown": 300,
              "scale_out_cooldown": 60,
              "target_value": 75
            }
          ]
        },
        "memory": {
          "alarm_arns": [
            "arn:aws:cloudwatch:us-east-1:654654297114:alarm:TargetTracking-service/my-ecs/my-ecs-AlarmHigh-68a74117-35a7-451f-8e6b-a25e1e7fcefc",
            "arn:aws:cloudwatch:us-east-1:654654297114:alarm:TargetTracking-service/my-ecs/my-ecs-AlarmLow-fb102846-ee18-4343-91bc-39a00bd03fd9"
          ],
          "arn": "arn:aws:autoscaling:us-east-1:654654297114:scalingPolicy:c2ff526a-3699-4495-b3ff-73c1c69551ba:resource/ecs/service/my-ecs/my-ecs:policyName/memory",
          "id": "memory",
          "name": "memory",
          "policy_type": "TargetTrackingScaling",
          "resource_id": "service/my-ecs/my-ecs",
          "scalable_dimension": "ecs:service:DesiredCount",
          "service_namespace": "ecs",
          "step_scaling_policy_configuration": [],
          "target_tracking_scaling_policy_configuration": [
            {
              "customized_metric_specification": [],
              "disable_scale_in": false,
              "predefined_metric_specification": [
                {
                  "predefined_metric_type": "ECSServiceAverageMemoryUtilization",
                  "resource_label": ""
                }
              ],
              "scale_in_cooldown": 300,
              "scale_out_cooldown": 60,
              "target_value": 75
            }
          ]
        }
      },
      "type": [
        "object",
        {
          "cpu": [
            "object",
            {
              "alarm_arns": [
                "list",
                "string"
              ],
              "arn": "string",
              "id": "string",
              "name": "string",
              "policy_type": "string",
              "resource_id": "string",
              "scalable_dimension": "string",
              "service_namespace": "string",
              "step_scaling_policy_configuration": [
                "list",
                [
                  "object",
                  {
                    "adjustment_type": "string",
                    "cooldown": "number",
                    "metric_aggregation_type": "string",
                    "min_adjustment_magnitude": "number",
                    "step_adjustment": [
                      "set",
                      [
                        "object",
                        {
                          "metric_interval_lower_bound": "string",
                          "metric_interval_upper_bound": "string",
                          "scaling_adjustment": "number"
                        }
                      ]
                    ]
                  }
                ]
              ],
              "target_tracking_scaling_policy_configuration": [
                "list",
                [
                  "object",
                  {
                    "customized_metric_specification": [
                      "list",
                      [
                        "object",
                        {
                          "dimensions": [
                            "set",
                            [
                              "object",
                              {
                                "name": "string",
                                "value": "string"
                              }
                            ]
                          ],
                          "metric_name": "string",
                          "metrics": [
                            "set",
                            [
                              "object",
                              {
                                "expression": "string",
                                "id": "string",
                                "label": "string",
                                "metric_stat": [
                                  "list",
                                  [
                                    "object",
                                    {
                                      "metric": [
                                        "list",
                                        [
                                          "object",
                                          {
                                            "dimensions": [
                                              "set",
                                              [
                                                "object",
                                                {
                                                  "name": "string",
                                                  "value": "string"
                                                }
                                              ]
                                            ],
                                            "metric_name": "string",
                                            "namespace": "string"
                                          }
                                        ]
                                      ],
                                      "stat": "string",
                                      "unit": "string"
                                    }
                                  ]
                                ],
                                "return_data": "bool"
                              }
                            ]
                          ],
                          "namespace": "string",
                          "statistic": "string",
                          "unit": "string"
                        }
                      ]
                    ],
                    "disable_scale_in": "bool",
                    "predefined_metric_specification": [
                      "list",
                      [
                        "object",
                        {
                          "predefined_metric_type": "string",
                          "resource_label": "string"
                        }
                      ]
                    ],
                    "scale_in_cooldown": "number",
                    "scale_out_cooldown": "number",
                    "target_value": "number"
                  }
                ]
              ]
            }
          ],
          "memory": [
            "object",
            {
              "alarm_arns": [
                "list",
                "string"
              ],
              "arn": "string",
              "id": "string",
              "name": "string",
              "policy_type": "string",
              "resource_id": "string",
              "scalable_dimension": "string",
              "service_namespace": "string",
              "step_scaling_policy_configuration": [
                "list",
                [
                  "object",
                  {
                    "adjustment_type": "string",
                    "cooldown": "number",
                    "metric_aggregation_type": "string",
                    "min_adjustment_magnitude": "number",
                    "step_adjustment": [
                      "set",
                      [
                        "object",
                        {
                          "metric_interval_lower_bound": "string",
                          "metric_interval_upper_bound": "string",
                          "scaling_adjustment": "number"
                        }
                      ]
                    ]
                  }
                ]
              ],
              "target_tracking_scaling_policy_configuration": [
                "list",
                [
                  "object",
                  {
                    "customized_metric_specification": [
                      "list",
                      [
                        "object",
                        {
                          "dimensions": [
                            "set",
                            [
                              "object",
                              {
                                "name": "string",
                                "value": "string"
                              }
                            ]
                          ],
                          "metric_name": "string",
                          "metrics": [
                            "set",
                            [
                              "object",
                              {
                                "expression": "string",
                                "id": "string",
                                "label": "string",
                                "metric_stat": [
                                  "list",
                                  [
                                    "object",
                                    {
                                      "metric": [
                                        "list",
                                        [
                                          "object",
                                          {
                                            "dimensions": [
                                              "set",
                                              [
                                                "object",
                                                {
                                                  "name": "string",
                                                  "value": "string"
                                                }
                                              ]
                                            ],
                                            "metric_name": "string",
                                            "namespace": "string"
                                          }
                                        ]
                                      ],
                                      "stat": "string",
                                      "unit": "string"
                                    }
                                  ]
                                ],
                                "return_data": "bool"
                              }
                            ]
                          ],
                          "namespace": "string",
                          "statistic": "string",
                          "unit": "string"
                        }
                      ]
                    ],
                    "disable_scale_in": "bool",
                    "predefined_metric_specification": [
                      "list",
                      [
                        "object",
                        {
                          "predefined_metric_type": "string",
                          "resource_label": "string"
                        }
                      ]
                    ],
                    "scale_in_cooldown": "number",
                    "scale_out_cooldown": "number",
                    "target_value": "number"
                  }
                ]
              ]
            }
          ]
        }
      ]
    },
    "service_autoscaling_scheduled_actions": {
      "value": {},
      "type": [
        "object",
        {}
      ]
    },
    "service_container_definitions": {
      "value": {
        "fluent-bit": {
          "cloudwatch_log_group_arn": "arn:aws:logs:us-east-1:654654297114:log-group:/aws/ecs/my-ecs/fluent-bit",
          "cloudwatch_log_group_name": "/aws/ecs/my-ecs/fluent-bit",
          "container_definition": {
            "cpu": 512,
            "environment": [],
            "essential": true,
            "firelensConfiguration": {
              "type": "fluentbit"
            },
            "image": "906394416424.dkr.ecr.us-east-1.amazonaws.com/aws-for-fluent-bit:2.32.4",
            "interactive": false,
            "linuxParameters": {
              "initProcessEnabled": true
            },
            "logConfiguration": {
              "logDriver": "awslogs",
              "options": {
                "awslogs-group": "/aws/ecs/my-ecs/fluent-bit",
                "awslogs-region": "us-east-1",
                "awslogs-stream-prefix": "ecs"
              }
            },
            "memory": 1024,
            "memoryReservation": 50,
            "mountPoints": [],
            "name": "fluent-bit",
            "portMappings": [],
            "privileged": false,
            "pseudoTerminal": false,
            "readonlyRootFilesystem": true,
            "startTimeout": 30,
            "stopTimeout": 120,
            "systemControls": [],
            "user": "0",
            "volumesFrom": []
          }
        },
        "weather-api": {
          "cloudwatch_log_group_arn": null,
          "cloudwatch_log_group_name": null,
          "container_definition": {
            "cpu": 512,
            "dependsOn": [
              {
                "condition": "START",
                "containerName": "fluent-bit"
              }
            ],
            "environment": [],
            "essential": true,
            "image": "654654297114.dkr.ecr.us-east-1.amazonaws.com/weather-api",
            "interactive": false,
            "linuxParameters": {
              "capabilities": {
                "add": [],
                "drop": [
                  "NET_RAW"
                ]
              },
              "initProcessEnabled": true
            },
            "logConfiguration": {
              "logDriver": "awsfirelens",
              "options": {
                "Name": "firehose",
                "delivery_stream": "my-stream",
                "log-driver-buffer-limit": "2097152",
                "region": "us-east-1"
              }
            },
            "memory": 1024,
            "memoryReservation": 100,
            "mountPoints": [],
            "name": "weather-api",
            "portMappings": [
              {
                "containerPort": 8080,
                "hostPort": 8080,
                "name": "weather-api",
                "protocol": "tcp"
              }
            ],
            "privileged": false,
            "pseudoTerminal": false,
            "readonlyRootFilesystem": false,
            "startTimeout": 30,
            "stopTimeout": 120,
            "systemControls": [],
            "user": "0",
            "volumesFrom": [
              {
                "readOnly": false,
                "sourceContainer": "fluent-bit"
              }
            ]
          }
        }
      },
      "type": [
        "object",
        {
          "fluent-bit": [
            "object",
            {
              "cloudwatch_log_group_arn": "string",
              "cloudwatch_log_group_name": "string",
              "container_definition": [
                "object",
                {
                  "cpu": "number",
                  "environment": [
                    "list",
                    [
                      "object",
                      {
                        "name": "string",
                        "value": "string"
                      }
                    ]
                  ],
                  "essential": "bool",
                  "firelensConfiguration": [
                    "object",
                    {
                      "type": "string"
                    }
                  ],
                  "image": "string",
                  "interactive": "bool",
                  "linuxParameters": [
                    "object",
                    {
                      "initProcessEnabled": "bool"
                    }
                  ],
                  "logConfiguration": [
                    "object",
                    {
                      "logDriver": "string",
                      "options": [
                        "object",
                        {
                          "awslogs-group": "string",
                          "awslogs-region": "string",
                          "awslogs-stream-prefix": "string"
                        }
                      ]
                    }
                  ],
                  "memory": "number",
                  "memoryReservation": "number",
                  "mountPoints": [
                    "list",
                    "dynamic"
                  ],
                  "name": "string",
                  "portMappings": [
                    "list",
                    "dynamic"
                  ],
                  "privileged": "bool",
                  "pseudoTerminal": "bool",
                  "readonlyRootFilesystem": "bool",
                  "startTimeout": "number",
                  "stopTimeout": "number",
                  "systemControls": [
                    "list",
                    [
                      "map",
                      "string"
                    ]
                  ],
                  "user": "string",
                  "volumesFrom": [
                    "list",
                    "dynamic"
                  ]
                }
              ]
            }
          ],
          "weather-api": [
            "object",
            {
              "cloudwatch_log_group_arn": "dynamic",
              "cloudwatch_log_group_name": "dynamic",
              "container_definition": [
                "object",
                {
                  "cpu": "number",
                  "dependsOn": [
                    "list",
                    [
                      "object",
                      {
                        "condition": "string",
                        "containerName": "string"
                      }
                    ]
                  ],
                  "environment": [
                    "list",
                    [
                      "object",
                      {
                        "name": "string",
                        "value": "string"
                      }
                    ]
                  ],
                  "essential": "bool",
                  "image": "string",
                  "interactive": "bool",
                  "linuxParameters": [
                    "object",
                    {
                      "capabilities": [
                        "object",
                        {
                          "add": [
                            "tuple",
                            []
                          ],
                          "drop": [
                            "tuple",
                            [
                              "string"
                            ]
                          ]
                        }
                      ],
                      "initProcessEnabled": "bool"
                    }
                  ],
                  "logConfiguration": [
                    "object",
                    {
                      "logDriver": "string",
                      "options": [
                        "object",
                        {
                          "Name": "string",
                          "delivery_stream": "string",
                          "log-driver-buffer-limit": "string",
                          "region": "string"
                        }
                      ]
                    }
                  ],
                  "memory": "number",
                  "memoryReservation": "number",
                  "mountPoints": [
                    "list",
                    "dynamic"
                  ],
                  "name": "string",
                  "portMappings": [
                    "list",
                    [
                      "object",
                      {
                        "containerPort": "number",
                        "hostPort": "number",
                        "name": "string",
                        "protocol": "string"
                      }
                    ]
                  ],
                  "privileged": "bool",
                  "pseudoTerminal": "bool",
                  "readonlyRootFilesystem": "bool",
                  "startTimeout": "number",
                  "stopTimeout": "number",
                  "systemControls": [
                    "list",
                    [
                      "map",
                      "string"
                    ]
                  ],
                  "user": "string",
                  "volumesFrom": [
                    "list",
                    [
                      "object",
                      {
                        "readOnly": "bool",
                        "sourceContainer": "string"
                      }
                    ]
                  ]
                }
              ]
            }
          ]
        }
      ]
    },
    "service_id": {
      "value": "arn:aws:ecs:us-east-1:654654297114:service/my-ecs/my-ecs",
      "type": "string"
    },
    "service_name": {
      "value": "my-ecs",
      "type": "string"
    },
    "service_security_group_arn": {
      "value": "arn:aws:ec2:us-east-1:654654297114:security-group/sg-0a8e905ec8c1790c9",
      "type": "string"
    },
    "service_security_group_id": {
      "value": "sg-0a8e905ec8c1790c9",
      "type": "string"
    },
    "service_task_definition_arn": {
      "value": "arn:aws:ecs:us-east-1:654654297114:task-definition/my-ecs:1",
      "type": "string"
    },
    "service_task_definition_family": {
      "value": "my-ecs",
      "type": "string"
    },
    "service_task_definition_family_revision": {
      "value": "my-ecs:1",
      "type": "string"
    },
    "service_task_definition_revision": {
      "value": 1,
      "type": "number"
    },
    "service_task_exec_iam_role_arn": {
      "value": "arn:aws:iam::654654297114:role/my-ecs-20241217120614633400000007",
      "type": "string"
    },
    "service_task_exec_iam_role_name": {
      "value": "my-ecs-20241217120614633400000007",
      "type": "string"
    },
    "service_task_exec_iam_role_unique_id": {
      "value": "AROAZQ3DP2QNM3K4SMUDQ",
      "type": "string"
    },
    "service_tasks_iam_role_arn": {
      "value": "arn:aws:iam::654654297114:role/my-ecs-20241217120614629900000002",
      "type": "string"
    },
    "service_tasks_iam_role_name": {
      "value": "my-ecs-20241217120614629900000002",
      "type": "string"
    },
    "service_tasks_iam_role_unique_id": {
      "value": "AROAZQ3DP2QNOK4DKQAWO",
      "type": "string"
    },
    "task_definition_run_task_command": {
      "value": "    aws ecs run-task --cluster my-ecs \\\r\n      --task-definition my-ecs-standalone:1 \\\r\n      --network-configuration \"awsvpcConfiguration={subnets=[subnet-04524ed3615ae1553,subnet-00ce0c487f25c2087],securityGroups=[sg-0540ea445daaabf88]}\" \\\r\n      --region us-east-1\r\n",
      "type": "string"
    }
  },
  "resources": [
    {
      "mode": "data",
      "type": "aws_availability_zones",
      "name": "available",
      "provider": "provider[\"registry.terraform.io/hashicorp/aws\"]",
      "instances": [
        {
          "schema_version": 0,
          "attributes": {
            "all_availability_zones": null,
            "exclude_names": null,
            "exclude_zone_ids": null,
            "filter": null,
            "group_names": [
              "us-east-1"
            ],
            "id": "us-east-1",
            "names": [
              "us-east-1a",
              "us-east-1b",
              "us-east-1c",
              "us-east-1d",
              "us-east-1e",
              "us-east-1f"
            ],
            "state": null,
            "timeouts": null,
            "zone_ids": [
              "use1-az6",
              "use1-az1",
              "use1-az2",
              "use1-az4",
              "use1-az3",
              "use1-az5"
            ]
          },
          "sensitive_attributes": []
        }
      ]
    },
    {
      "mode": "data",
      "type": "aws_ssm_parameter",
      "name": "fluentbit",
      "provider": "provider[\"registry.terraform.io/hashicorp/aws\"]",
      "instances": [
        {
          "schema_version": 0,
          "attributes": {
            "arn": "arn:aws:ssm:us-east-1::parameter/aws/service/aws-for-fluent-bit/stable",
            "id": "/aws/service/aws-for-fluent-bit/stable",
            "insecure_value": "906394416424.dkr.ecr.us-east-1.amazonaws.com/aws-for-fluent-bit:2.32.4",
            "name": "/aws/service/aws-for-fluent-bit/stable",
            "type": "String",
            "value": "906394416424.dkr.ecr.us-east-1.amazonaws.com/aws-for-fluent-bit:2.32.4",
            "version": 27,
            "with_decryption": true
          },
          "sensitive_attributes": [
            [
              {
                "type": "get_attr",
                "value": "value"
              }
            ]
          ]
        }
      ]
    },
    {
      "mode": "managed",
      "type": "aws_service_discovery_http_namespace",
      "name": "this",
      "provider": "provider[\"registry.terraform.io/hashicorp/aws\"]",
      "instances": [
        {
          "schema_version": 0,
          "attributes": {
            "arn": "arn:aws:servicediscovery:us-east-1:654654297114:namespace/ns-4gvgtnaoxudy7e5n",
            "description": "CloudMap namespace for my-ecs",
            "http_name": "my-ecs",
            "id": "ns-4gvgtnaoxudy7e5n",
            "name": "my-ecs",
            "tags": {
              "Example": "my-ecs",
              "Name": "my-ecs",
              "Repository": "https://github.com/terraform-aws-modules/terraform-aws-ecs"
            },
            "tags_all": {
              "Example": "my-ecs",
              "Name": "my-ecs",
              "Repository": "https://github.com/terraform-aws-modules/terraform-aws-ecs"
            }
          },
          "sensitive_attributes": [],
          "private": "bnVsbA=="
        }
      ]
    },
    {
      "module": "module.alb",
      "mode": "data",
      "type": "aws_partition",
      "name": "current",
      "provider": "provider[\"registry.terraform.io/hashicorp/aws\"]",
      "instances": [
        {
          "schema_version": 0,
          "attributes": {
            "dns_suffix": "amazonaws.com",
            "id": "aws",
            "partition": "aws",
            "reverse_dns_prefix": "com.amazonaws"
          },
          "sensitive_attributes": []
        }
      ]
    },
    {
      "module": "module.alb",
      "mode": "managed",
      "type": "aws_lb",
      "name": "this",
      "provider": "provider[\"registry.terraform.io/hashicorp/aws\"]",
      "instances": [
        {
          "index_key": 0,
          "schema_version": 0,
          "attributes": {
            "access_logs": [
              {
                "bucket": "",
                "enabled": false,
                "prefix": ""
              }
            ],
            "arn": "arn:aws:elasticloadbalancing:us-east-1:654654297114:loadbalancer/app/my-ecs/fecac441f68bf1bd",
            "arn_suffix": "app/my-ecs/fecac441f68bf1bd",
            "client_keep_alive": 3600,
            "connection_logs": [
              {
                "bucket": "",
                "enabled": false,
                "prefix": ""
              }
            ],
            "customer_owned_ipv4_pool": "",
            "desync_mitigation_mode": "defensive",
            "dns_name": "my-ecs-1348972458.us-east-1.elb.amazonaws.com",
            "dns_record_client_routing_policy": null,
            "drop_invalid_header_fields": true,
            "enable_cross_zone_load_balancing": true,
            "enable_deletion_protection": false,
            "enable_http2": true,
            "enable_tls_version_and_cipher_suite_headers": false,
            "enable_waf_fail_open": false,
            "enable_xff_client_port": false,
            "enable_zonal_shift": false,
            "enforce_security_group_inbound_rules_on_private_link_traffic": "",
            "id": "arn:aws:elasticloadbalancing:us-east-1:654654297114:loadbalancer/app/my-ecs/fecac441f68bf1bd",
            "idle_timeout": 60,
            "internal": false,
            "ip_address_type": "ipv4",
            "load_balancer_type": "application",
            "name": "my-ecs",
            "name_prefix": "",
            "preserve_host_header": false,
            "security_groups": [
              "sg-0f28a523776283a42"
            ],
            "subnet_mapping": [
              {
                "allocation_id": "",
                "ipv6_address": "",
                "outpost_id": "",
                "private_ipv4_address": "",
                "subnet_id": "subnet-01276493c91093582"
              },
              {
                "allocation_id": "",
                "ipv6_address": "",
                "outpost_id": "",
                "private_ipv4_address": "",
                "subnet_id": "subnet-08243afa53e8e9d28"
              }
            ],
            "subnets": [
              "subnet-01276493c91093582",
              "subnet-08243afa53e8e9d28"
            ],
            "tags": {
              "Example": "my-ecs",
              "Name": "my-ecs",
              "Repository": "https://github.com/terraform-aws-modules/terraform-aws-ecs",
              "terraform-aws-modules": "alb"
            },
            "tags_all": {
              "Example": "my-ecs",
              "Name": "my-ecs",
              "Repository": "https://github.com/terraform-aws-modules/terraform-aws-ecs",
              "terraform-aws-modules": "alb"
            },
            "timeouts": {
              "create": null,
              "delete": null,
              "update": null
            },
            "vpc_id": "vpc-089bb37c4f621abb7",
            "xff_header_processing_mode": "append",
            "zone_id": "Z35SXDOTRQ7X7K"
          },
          "sensitive_attributes": [],
          "private": "eyJlMmJmYjczMC1lY2FhLTExZTYtOGY4OC0zNDM2M2JjN2M0YzAiOnsiY3JlYXRlIjo2MDAwMDAwMDAwMDAsImRlbGV0ZSI6NjAwMDAwMDAwMDAwLCJ1cGRhdGUiOjYwMDAwMDAwMDAwMH19",
          "dependencies": [
            "data.aws_availability_zones.available",
            "module.alb.aws_security_group.this",
            "module.vpc.aws_subnet.public",
            "module.vpc.aws_vpc.this",
            "module.vpc.aws_vpc_ipv4_cidr_block_association.this"
          ]
        }
      ]
    },
    {
      "module": "module.alb",
      "mode": "managed",
      "type": "aws_lb_listener",
      "name": "this",
      "provider": "provider[\"registry.terraform.io/hashicorp/aws\"]",
      "instances": [
        {
          "index_key": "ex_http",
          "schema_version": 0,
          "attributes": {
            "alpn_policy": null,
            "arn": "arn:aws:elasticloadbalancing:us-east-1:654654297114:listener/app/my-ecs/fecac441f68bf1bd/438424009f30ec78",
            "certificate_arn": null,
            "default_action": [
              {
                "authenticate_cognito": [],
                "authenticate_oidc": [],
                "fixed_response": [],
                "forward": [],
                "order": 1,
                "redirect": [],
                "target_group_arn": "arn:aws:elasticloadbalancing:us-east-1:654654297114:targetgroup/tf-2024121712062826230000000d/48936b351ad98b75",
                "type": "forward"
              }
            ],
            "id": "arn:aws:elasticloadbalancing:us-east-1:654654297114:listener/app/my-ecs/fecac441f68bf1bd/438424009f30ec78",
            "load_balancer_arn": "arn:aws:elasticloadbalancing:us-east-1:654654297114:loadbalancer/app/my-ecs/fecac441f68bf1bd",
            "mutual_authentication": [],
            "port": 80,
            "protocol": "HTTP",
            "ssl_policy": "",
            "tags": {
              "Example": "my-ecs",
              "Name": "my-ecs",
              "Repository": "https://github.com/terraform-aws-modules/terraform-aws-ecs",
              "terraform-aws-modules": "alb"
            },
            "tags_all": {
              "Example": "my-ecs",
              "Name": "my-ecs",
              "Repository": "https://github.com/terraform-aws-modules/terraform-aws-ecs",
              "terraform-aws-modules": "alb"
            },
            "tcp_idle_timeout_seconds": null,
            "timeouts": null
          },
          "sensitive_attributes": [],
          "private": "eyJlMmJmYjczMC1lY2FhLTExZTYtOGY4OC0zNDM2M2JjN2M0YzAiOnsiY3JlYXRlIjozMDAwMDAwMDAwMDAsInVwZGF0ZSI6MzAwMDAwMDAwMDAwfX0=",
          "dependencies": [
            "data.aws_availability_zones.available",
            "module.alb.aws_lb.this",
            "module.alb.aws_lb_target_group.this",
            "module.alb.aws_security_group.this",
            "module.vpc.aws_subnet.public",
            "module.vpc.aws_vpc.this",
            "module.vpc.aws_vpc_ipv4_cidr_block_association.this"
          ]
        }
      ]
    },
    {
      "module": "module.alb",
      "mode": "managed",
      "type": "aws_lb_target_group",
      "name": "this",
      "provider": "provider[\"registry.terraform.io/hashicorp/aws\"]",
      "instances": [
        {
          "index_key": "my_ecs_tg",
          "schema_version": 0,
          "attributes": {
            "arn": "arn:aws:elasticloadbalancing:us-east-1:654654297114:targetgroup/tf-2024121712062826230000000d/48936b351ad98b75",
            "arn_suffix": "targetgroup/tf-2024121712062826230000000d/48936b351ad98b75",
            "connection_termination": null,
            "deregistration_delay": "5",
            "health_check": [
              {
                "enabled": true,
                "healthy_threshold": 5,
                "interval": 30,
                "matcher": "200",
                "path": "/",
                "port": "traffic-port",
                "protocol": "HTTP",
                "timeout": 5,
                "unhealthy_threshold": 2
              }
            ],
            "id": "arn:aws:elasticloadbalancing:us-east-1:654654297114:targetgroup/tf-2024121712062826230000000d/48936b351ad98b75",
            "ip_address_type": "ipv4",
            "lambda_multi_value_headers_enabled": false,
            "load_balancer_arns": [],
            "load_balancing_algorithm_type": "round_robin",
            "load_balancing_anomaly_mitigation": "off",
            "load_balancing_cross_zone_enabled": "true",
            "name": "tf-2024121712062826230000000d",
            "name_prefix": "tf-",
            "port": 80,
            "preserve_client_ip": null,
            "protocol": "HTTP",
            "protocol_version": "HTTP1",
            "proxy_protocol_v2": false,
            "slow_start": 0,
            "stickiness": [
              {
                "cookie_duration": 86400,
                "cookie_name": "",
                "enabled": false,
                "type": "lb_cookie"
              }
            ],
            "tags": {
              "Example": "my-ecs",
              "Name": "my-ecs",
              "Repository": "https://github.com/terraform-aws-modules/terraform-aws-ecs",
              "terraform-aws-modules": "alb"
            },
            "tags_all": {
              "Example": "my-ecs",
              "Name": "my-ecs",
              "Repository": "https://github.com/terraform-aws-modules/terraform-aws-ecs",
              "terraform-aws-modules": "alb"
            },
            "target_failover": [
              {
                "on_deregistration": null,
                "on_unhealthy": null
              }
            ],
            "target_group_health": [
              {
                "dns_failover": [
                  {
                    "minimum_healthy_targets_count": "1",
                    "minimum_healthy_targets_percentage": "off"
                  }
                ],
                "unhealthy_state_routing": [
                  {
                    "minimum_healthy_targets_count": 1,
                    "minimum_healthy_targets_percentage": "off"
                  }
                ]
              }
            ],
            "target_health_state": [
              {
                "enable_unhealthy_connection_termination": null,
                "unhealthy_draining_interval": null
              }
            ],
            "target_type": "ip",
            "vpc_id": "vpc-089bb37c4f621abb7"
          },
          "sensitive_attributes": [],
          "private": "bnVsbA==",
          "dependencies": [
            "module.vpc.aws_vpc.this"
          ],
          "create_before_destroy": true
        }
      ]
    },
    {
      "module": "module.alb",
      "mode": "managed",
      "type": "aws_security_group",
      "name": "this",
      "provider": "provider[\"registry.terraform.io/hashicorp/aws\"]",
      "instances": [
        {
          "index_key": 0,
          "schema_version": 1,
          "attributes": {
            "arn": "arn:aws:ec2:us-east-1:654654297114:security-group/sg-0f28a523776283a42",
            "description": "Security group for my-ecs application load balancer",
            "egress": [],
            "id": "sg-0f28a523776283a42",
            "ingress": [],
            "name": "my-ecs-2024121712062827340000000e",
            "name_prefix": "my-ecs-",
            "owner_id": "654654297114",
            "revoke_rules_on_delete": false,
            "tags": {
              "Example": "my-ecs",
              "Name": "my-ecs",
              "Repository": "https://github.com/terraform-aws-modules/terraform-aws-ecs",
              "terraform-aws-modules": "alb"
            },
            "tags_all": {
              "Example": "my-ecs",
              "Name": "my-ecs",
              "Repository": "https://github.com/terraform-aws-modules/terraform-aws-ecs",
              "terraform-aws-modules": "alb"
            },
            "timeouts": null,
            "vpc_id": "vpc-089bb37c4f621abb7"
          },
          "sensitive_attributes": [],
          "private": "eyJlMmJmYjczMC1lY2FhLTExZTYtOGY4OC0zNDM2M2JjN2M0YzAiOnsiY3JlYXRlIjo2MDAwMDAwMDAwMDAsImRlbGV0ZSI6OTAwMDAwMDAwMDAwfSwic2NoZW1hX3ZlcnNpb24iOiIxIn0=",
          "dependencies": [
            "module.vpc.aws_vpc.this"
          ],
          "create_before_destroy": true
        }
      ]
    },
    {
      "module": "module.alb",
      "mode": "managed",
      "type": "aws_vpc_security_group_egress_rule",
      "name": "this",
      "provider": "provider[\"registry.terraform.io/hashicorp/aws\"]",
      "instances": [
        {
          "index_key": "all",
          "schema_version": 0,
          "attributes": {
            "arn": "arn:aws:ec2:us-east-1:654654297114:security-group-rule/sgr-0d38b575de3be54f2",
            "cidr_ipv4": "10.0.0.0/16",
            "cidr_ipv6": null,
            "description": null,
            "from_port": null,
            "id": "sgr-0d38b575de3be54f2",
            "ip_protocol": "-1",
            "prefix_list_id": null,
            "referenced_security_group_id": null,
            "security_group_id": "sg-0f28a523776283a42",
            "security_group_rule_id": "sgr-0d38b575de3be54f2",
            "tags": {
              "Example": "my-ecs",
              "Name": "my-ecs",
              "Repository": "https://github.com/terraform-aws-modules/terraform-aws-ecs",
              "terraform-aws-modules": "alb"
            },
            "tags_all": {
              "Example": "my-ecs",
              "Name": "my-ecs",
              "Repository": "https://github.com/terraform-aws-modules/terraform-aws-ecs",
              "terraform-aws-modules": "alb"
            },
            "to_port": null
          },
          "sensitive_attributes": [],
          "dependencies": [
            "module.alb.aws_security_group.this",
            "module.vpc.aws_vpc.this"
          ]
        }
      ]
    },
    {
      "module": "module.alb",
      "mode": "managed",
      "type": "aws_vpc_security_group_ingress_rule",
      "name": "this",
      "provider": "provider[\"registry.terraform.io/hashicorp/aws\"]",
      "instances": [
        {
          "index_key": "all_http",
          "schema_version": 0,
          "attributes": {
            "arn": "arn:aws:ec2:us-east-1:654654297114:security-group-rule/sgr-0a22e66191da1bc4d",
            "cidr_ipv4": "0.0.0.0/0",
            "cidr_ipv6": null,
            "description": null,
            "from_port": 80,
            "id": "sgr-0a22e66191da1bc4d",
            "ip_protocol": "tcp",
            "prefix_list_id": null,
            "referenced_security_group_id": null,
            "security_group_id": "sg-0f28a523776283a42",
            "security_group_rule_id": "sgr-0a22e66191da1bc4d",
            "tags": {
              "Example": "my-ecs",
              "Name": "my-ecs",
              "Repository": "https://github.com/terraform-aws-modules/terraform-aws-ecs",
              "terraform-aws-modules": "alb"
            },
            "tags_all": {
              "Example": "my-ecs",
              "Name": "my-ecs",
              "Repository": "https://github.com/terraform-aws-modules/terraform-aws-ecs",
              "terraform-aws-modules": "alb"
            },
            "to_port": 80
          },
          "sensitive_attributes": [],
          "dependencies": [
            "module.alb.aws_security_group.this",
            "module.vpc.aws_vpc.this"
          ]
        }
      ]
    },
    {
      "module": "module.ecs_cluster",
      "mode": "managed",
      "type": "aws_cloudwatch_log_group",
      "name": "this",
      "provider": "provider[\"registry.terraform.io/hashicorp/aws\"]",
      "instances": [
        {
          "index_key": 0,
          "schema_version": 0,
          "attributes": {
            "arn": "arn:aws:logs:us-east-1:654654297114:log-group:/aws/ecs/my-ecs",
            "id": "/aws/ecs/my-ecs",
            "kms_key_id": "",
            "log_group_class": "STANDARD",
            "name": "/aws/ecs/my-ecs",
            "name_prefix": "",
            "retention_in_days": 90,
            "skip_destroy": false,
            "tags": {
              "Example": "my-ecs",
              "Name": "my-ecs",
              "Repository": "https://github.com/terraform-aws-modules/terraform-aws-ecs"
            },
            "tags_all": {
              "Example": "my-ecs",
              "Name": "my-ecs",
              "Repository": "https://github.com/terraform-aws-modules/terraform-aws-ecs"
            }
          },
          "sensitive_attributes": [],
          "private": "bnVsbA=="
        }
      ]
    },
    {
      "module": "module.ecs_cluster",
      "mode": "managed",
      "type": "aws_ecs_cluster",
      "name": "this",
      "provider": "provider[\"registry.terraform.io/hashicorp/aws\"]",
      "instances": [
        {
          "index_key": 0,
          "schema_version": 0,
          "attributes": {
            "arn": "arn:aws:ecs:us-east-1:654654297114:cluster/my-ecs",
            "configuration": [
              {
                "execute_command_configuration": [
                  {
                    "kms_key_id": "",
                    "log_configuration": [],
                    "logging": "DEFAULT"
                  }
                ],
                "managed_storage_configuration": []
              }
            ],
            "id": "arn:aws:ecs:us-east-1:654654297114:cluster/my-ecs",
            "name": "my-ecs",
            "service_connect_defaults": [],
            "setting": [
              {
                "name": "containerInsights",
                "value": "enabled"
              }
            ],
            "tags": {
              "Example": "my-ecs",
              "Name": "my-ecs",
              "Repository": "https://github.com/terraform-aws-modules/terraform-aws-ecs"
            },
            "tags_all": {
              "Example": "my-ecs",
              "Name": "my-ecs",
              "Repository": "https://github.com/terraform-aws-modules/terraform-aws-ecs"
            }
          },
          "sensitive_attributes": [],
          "private": "bnVsbA==",
          "dependencies": [
            "module.ecs_cluster.aws_cloudwatch_log_group.this"
          ]
        }
      ]
    },
    {
      "module": "module.ecs_cluster",
      "mode": "managed",
      "type": "aws_ecs_cluster_capacity_providers",
      "name": "this",
      "provider": "provider[\"registry.terraform.io/hashicorp/aws\"]",
      "instances": [
        {
          "index_key": 0,
          "schema_version": 0,
          "attributes": {
            "capacity_providers": [
              "FARGATE_SPOT"
            ],
            "cluster_name": "my-ecs",
            "default_capacity_provider_strategy": [
              {
                "base": 0,
                "capacity_provider": "FARGATE_SPOT",
                "weight": 100
              }
            ],
            "id": "my-ecs"
          },
          "sensitive_attributes": [],
          "private": "bnVsbA==",
          "dependencies": [
            "module.ecs_cluster.aws_cloudwatch_log_group.this",
            "module.ecs_cluster.aws_ecs_capacity_provider.this",
            "module.ecs_cluster.aws_ecs_cluster.this"
          ]
        }
      ]
    },
    {
      "module": "module.ecs_service",
      "mode": "data",
      "type": "aws_caller_identity",
      "name": "current",
      "provider": "provider[\"registry.terraform.io/hashicorp/aws\"]",
      "instances": [
        {
          "schema_version": 0,
          "attributes": {
            "account_id": "654654297114",
            "arn": "arn:aws:iam::654654297114:user/Paul",
            "id": "654654297114",
            "user_id": "AIDAZQ3DP2QNLBSXPVYLB"
          },
          "sensitive_attributes": []
        }
      ]
    },
    {
      "module": "module.ecs_service",
      "mode": "data",
      "type": "aws_ecs_task_definition",
      "name": "this",
      "provider": "provider[\"registry.terraform.io/hashicorp/aws\"]",
      "instances": [
        {
          "index_key": 0,
          "schema_version": 0,
          "attributes": {
            "arn": "arn:aws:ecs:us-east-1:654654297114:task-definition/my-ecs:1",
            "arn_without_revision": "arn:aws:ecs:us-east-1:654654297114:task-definition/my-ecs",
            "execution_role_arn": "arn:aws:iam::654654297114:role/my-ecs-20241217120614633400000007",
            "family": "my-ecs",
            "id": "arn:aws:ecs:us-east-1:654654297114:task-definition/my-ecs:1",
            "network_mode": "awsvpc",
            "revision": 1,
            "status": "ACTIVE",
            "task_definition": "my-ecs",
            "task_role_arn": "arn:aws:iam::654654297114:role/my-ecs-20241217120614629900000002"
          },
          "sensitive_attributes": []
        }
      ]
    },
    {
      "module": "module.ecs_service",
      "mode": "data",
      "type": "aws_iam_policy_document",
      "name": "task_exec",
      "provider": "provider[\"registry.terraform.io/hashicorp/aws\"]",
      "instances": [
        {
          "index_key": 0,
          "schema_version": 0,
          "attributes": {
            "id": "1415633931",
            "json": "{\n  \"Version\": \"2012-10-17\",\n  \"Statement\": [\n    {\n      \"Sid\": \"Logs\",\n      \"Effect\": \"Allow\",\n      \"Action\": [\n        \"logs:PutLogEvents\",\n        \"logs:CreateLogStream\"\n      ],\n      \"Resource\": \"*\"\n    },\n    {\n      \"Sid\": \"ECR\",\n      \"Effect\": \"Allow\",\n      \"Action\": [\n        \"ecr:GetDownloadUrlForLayer\",\n        \"ecr:GetAuthorizationToken\",\n        \"ecr:BatchGetImage\",\n        \"ecr:BatchCheckLayerAvailability\"\n      ],\n      \"Resource\": \"*\"\n    },\n    {\n      \"Sid\": \"GetSSMParams\",\n      \"Effect\": \"Allow\",\n      \"Action\": \"ssm:GetParameters\",\n      \"Resource\": \"arn:aws:ssm:*:*:parameter/*\"\n    },\n    {\n      \"Sid\": \"GetSecrets\",\n      \"Effect\": \"Allow\",\n      \"Action\": \"secretsmanager:GetSecretValue\",\n      \"Resource\": \"arn:aws:secretsmanager:*:*:secret:*\"\n    }\n  ]\n}",
            "minified_json": "{\"Version\":\"2012-10-17\",\"Statement\":[{\"Sid\":\"Logs\",\"Effect\":\"Allow\",\"Action\":[\"logs:PutLogEvents\",\"logs:CreateLogStream\"],\"Resource\":\"*\"},{\"Sid\":\"ECR\",\"Effect\":\"Allow\",\"Action\":[\"ecr:GetDownloadUrlForLayer\",\"ecr:GetAuthorizationToken\",\"ecr:BatchGetImage\",\"ecr:BatchCheckLayerAvailability\"],\"Resource\":\"*\"},{\"Sid\":\"GetSSMParams\",\"Effect\":\"Allow\",\"Action\":\"ssm:GetParameters\",\"Resource\":\"arn:aws:ssm:*:*:parameter/*\"},{\"Sid\":\"GetSecrets\",\"Effect\":\"Allow\",\"Action\":\"secretsmanager:GetSecretValue\",\"Resource\":\"arn:aws:secretsmanager:*:*:secret:*\"}]}",
            "override_json": null,
            "override_policy_documents": null,
            "policy_id": null,
            "source_json": null,
            "source_policy_documents": null,
            "statement": [
              {
                "actions": [
                  "logs:CreateLogStream",
                  "logs:PutLogEvents"
                ],
                "condition": [],
                "effect": "Allow",
                "not_actions": [],
                "not_principals": [],
                "not_resources": [],
                "principals": [],
                "resources": [
                  "*"
                ],
                "sid": "Logs"
              },
              {
                "actions": [
                  "ecr:BatchCheckLayerAvailability",
                  "ecr:BatchGetImage",
                  "ecr:GetAuthorizationToken",
                  "ecr:GetDownloadUrlForLayer"
                ],
                "condition": [],
                "effect": "Allow",
                "not_actions": [],
                "not_principals": [],
                "not_resources": [],
                "principals": [],
                "resources": [
                  "*"
                ],
                "sid": "ECR"
              },
              {
                "actions": [
                  "ssm:GetParameters"
                ],
                "condition": [],
                "effect": "Allow",
                "not_actions": [],
                "not_principals": [],
                "not_resources": [],
                "principals": [],
                "resources": [
                  "arn:aws:ssm:*:*:parameter/*"
                ],
                "sid": "GetSSMParams"
              },
              {
                "actions": [
                  "secretsmanager:GetSecretValue"
                ],
                "condition": [],
                "effect": "Allow",
                "not_actions": [],
                "not_principals": [],
                "not_resources": [],
                "principals": [],
                "resources": [
                  "arn:aws:secretsmanager:*:*:secret:*"
                ],
                "sid": "GetSecrets"
              }
            ],
            "version": "2012-10-17"
          },
          "sensitive_attributes": []
        }
      ]
    },
    {
      "module": "module.ecs_service",
      "mode": "data",
      "type": "aws_iam_policy_document",
      "name": "task_exec_assume",
      "provider": "provider[\"registry.terraform.io/hashicorp/aws\"]",
      "instances": [
        {
          "index_key": 0,
          "schema_version": 0,
          "attributes": {
            "id": "2291109037",
            "json": "{\n  \"Version\": \"2012-10-17\",\n  \"Statement\": [\n    {\n      \"Sid\": \"ECSTaskExecutionAssumeRole\",\n      \"Effect\": \"Allow\",\n      \"Action\": \"sts:AssumeRole\",\n      \"Principal\": {\n        \"Service\": \"ecs-tasks.amazonaws.com\"\n      }\n    }\n  ]\n}",
            "minified_json": "{\"Version\":\"2012-10-17\",\"Statement\":[{\"Sid\":\"ECSTaskExecutionAssumeRole\",\"Effect\":\"Allow\",\"Action\":\"sts:AssumeRole\",\"Principal\":{\"Service\":\"ecs-tasks.amazonaws.com\"}}]}",
            "override_json": null,
            "override_policy_documents": null,
            "policy_id": null,
            "source_json": null,
            "source_policy_documents": null,
            "statement": [
              {
                "actions": [
                  "sts:AssumeRole"
                ],
                "condition": [],
                "effect": "Allow",
                "not_actions": [],
                "not_principals": [],
                "not_resources": [],
                "principals": [
                  {
                    "identifiers": [
                      "ecs-tasks.amazonaws.com"
                    ],
                    "type": "Service"
                  }
                ],
                "resources": [],
                "sid": "ECSTaskExecutionAssumeRole"
              }
            ],
            "version": "2012-10-17"
          },
          "sensitive_attributes": []
        }
      ]
    },
    {
      "module": "module.ecs_service",
      "mode": "data",
      "type": "aws_iam_policy_document",
      "name": "tasks",
      "provider": "provider[\"registry.terraform.io/hashicorp/aws\"]",
      "instances": [
        {
          "index_key": 0,
          "schema_version": 0,
          "attributes": {
            "id": "757765849",
            "json": "{\n  \"Version\": \"2012-10-17\",\n  \"Statement\": [\n    {\n      \"Sid\": \"ECSExec\",\n      \"Effect\": \"Allow\",\n      \"Action\": [\n        \"ssmmessages:OpenDataChannel\",\n        \"ssmmessages:OpenControlChannel\",\n        \"ssmmessages:CreateDataChannel\",\n        \"ssmmessages:CreateControlChannel\"\n      ],\n      \"Resource\": \"*\"\n    }\n  ]\n}",
            "minified_json": "{\"Version\":\"2012-10-17\",\"Statement\":[{\"Sid\":\"ECSExec\",\"Effect\":\"Allow\",\"Action\":[\"ssmmessages:OpenDataChannel\",\"ssmmessages:OpenControlChannel\",\"ssmmessages:CreateDataChannel\",\"ssmmessages:CreateControlChannel\"],\"Resource\":\"*\"}]}",
            "override_json": null,
            "override_policy_documents": null,
            "policy_id": null,
            "source_json": null,
            "source_policy_documents": null,
            "statement": [
              {
                "actions": [
                  "ssmmessages:CreateControlChannel",
                  "ssmmessages:CreateDataChannel",
                  "ssmmessages:OpenControlChannel",
                  "ssmmessages:OpenDataChannel"
                ],
                "condition": [],
                "effect": "Allow",
                "not_actions": [],
                "not_principals": [],
                "not_resources": [],
                "principals": [],
                "resources": [
                  "*"
                ],
                "sid": "ECSExec"
              }
            ],
            "version": "2012-10-17"
          },
          "sensitive_attributes": []
        }
      ]
    },
    {
      "module": "module.ecs_service",
      "mode": "data",
      "type": "aws_iam_policy_document",
      "name": "tasks_assume",
      "provider": "provider[\"registry.terraform.io/hashicorp/aws\"]",
      "instances": [
        {
          "index_key": 0,
          "schema_version": 0,
          "attributes": {
            "id": "171249038",
            "json": "{\n  \"Version\": \"2012-10-17\",\n  \"Statement\": [\n    {\n      \"Sid\": \"ECSTasksAssumeRole\",\n      \"Effect\": \"Allow\",\n      \"Action\": \"sts:AssumeRole\",\n      \"Principal\": {\n        \"Service\": \"ecs-tasks.amazonaws.com\"\n      },\n      \"Condition\": {\n        \"ArnLike\": {\n          \"aws:SourceArn\": \"arn:aws:ecs:us-east-1:654654297114:*\"\n        },\n        \"StringEquals\": {\n          \"aws:SourceAccount\": \"654654297114\"\n        }\n      }\n    }\n  ]\n}",
            "minified_json": "{\"Version\":\"2012-10-17\",\"Statement\":[{\"Sid\":\"ECSTasksAssumeRole\",\"Effect\":\"Allow\",\"Action\":\"sts:AssumeRole\",\"Principal\":{\"Service\":\"ecs-tasks.amazonaws.com\"},\"Condition\":{\"ArnLike\":{\"aws:SourceArn\":\"arn:aws:ecs:us-east-1:654654297114:*\"},\"StringEquals\":{\"aws:SourceAccount\":\"654654297114\"}}}]}",
            "override_json": null,
            "override_policy_documents": null,
            "policy_id": null,
            "source_json": null,
            "source_policy_documents": null,
            "statement": [
              {
                "actions": [
                  "sts:AssumeRole"
                ],
                "condition": [
                  {
                    "test": "ArnLike",
                    "values": [
                      "arn:aws:ecs:us-east-1:654654297114:*"
                    ],
                    "variable": "aws:SourceArn"
                  },
                  {
                    "test": "StringEquals",
                    "values": [
                      "654654297114"
                    ],
                    "variable": "aws:SourceAccount"
                  }
                ],
                "effect": "Allow",
                "not_actions": [],
                "not_principals": [],
                "not_resources": [],
                "principals": [
                  {
                    "identifiers": [
                      "ecs-tasks.amazonaws.com"
                    ],
                    "type": "Service"
                  }
                ],
                "resources": [],
                "sid": "ECSTasksAssumeRole"
              }
            ],
            "version": "2012-10-17"
          },
          "sensitive_attributes": []
        }
      ]
    },
    {
      "module": "module.ecs_service",
      "mode": "data",
      "type": "aws_partition",
      "name": "current",
      "provider": "provider[\"registry.terraform.io/hashicorp/aws\"]",
      "instances": [
        {
          "schema_version": 0,
          "attributes": {
            "dns_suffix": "amazonaws.com",
            "id": "aws",
            "partition": "aws",
            "reverse_dns_prefix": "com.amazonaws"
          },
          "sensitive_attributes": []
        }
      ]
    },
    {
      "module": "module.ecs_service",
      "mode": "data",
      "type": "aws_region",
      "name": "current",
      "provider": "provider[\"registry.terraform.io/hashicorp/aws\"]",
      "instances": [
        {
          "schema_version": 0,
          "attributes": {
            "description": "US East (N. Virginia)",
            "endpoint": "ec2.us-east-1.amazonaws.com",
            "id": "us-east-1",
            "name": "us-east-1"
          },
          "sensitive_attributes": []
        }
      ]
    },
    {
      "module": "module.ecs_service",
      "mode": "data",
      "type": "aws_subnet",
      "name": "this",
      "provider": "provider[\"registry.terraform.io/hashicorp/aws\"]",
      "instances": [
        {
          "index_key": 0,
          "schema_version": 0,
          "attributes": {
            "arn": "arn:aws:ec2:us-east-1:654654297114:subnet/subnet-04524ed3615ae1553",
            "assign_ipv6_address_on_creation": false,
            "availability_zone": "us-east-1a",
            "availability_zone_id": "use1-az6",
            "available_ip_address_count": 4091,
            "cidr_block": "10.0.0.0/20",
            "customer_owned_ipv4_pool": "",
            "default_for_az": false,
            "enable_dns64": false,
            "enable_lni_at_device_index": 0,
            "enable_resource_name_dns_a_record_on_launch": false,
            "enable_resource_name_dns_aaaa_record_on_launch": false,
            "filter": null,
            "id": "subnet-04524ed3615ae1553",
            "ipv6_cidr_block": "",
            "ipv6_cidr_block_association_id": "",
            "ipv6_native": false,
            "map_customer_owned_ip_on_launch": false,
            "map_public_ip_on_launch": false,
            "outpost_arn": "",
            "owner_id": "654654297114",
            "private_dns_hostname_type_on_launch": "ip-name",
            "state": "available",
            "tags": {
              "Example": "my-ecs",
              "Name": "my-ecs",
              "Repository": "https://github.com/terraform-aws-modules/terraform-aws-ecs"
            },
            "timeouts": null,
            "vpc_id": "vpc-089bb37c4f621abb7"
          },
          "sensitive_attributes": []
        }
      ]
    },
    {
      "module": "module.ecs_service",
      "mode": "managed",
      "type": "aws_appautoscaling_policy",
      "name": "this",
      "provider": "provider[\"registry.terraform.io/hashicorp/aws\"]",
      "instances": [
        {
          "index_key": "cpu",
          "schema_version": 0,
          "attributes": {
            "alarm_arns": [
              "arn:aws:cloudwatch:us-east-1:654654297114:alarm:TargetTracking-service/my-ecs/my-ecs-AlarmHigh-66037884-f5c3-4e56-83eb-56fc735ed691",
              "arn:aws:cloudwatch:us-east-1:654654297114:alarm:TargetTracking-service/my-ecs/my-ecs-AlarmLow-0721b84a-2f9c-418a-9387-0d6b5811af96"
            ],
            "arn": "arn:aws:autoscaling:us-east-1:654654297114:scalingPolicy:c2ff526a-3699-4495-b3ff-73c1c69551ba:resource/ecs/service/my-ecs/my-ecs:policyName/cpu",
            "id": "cpu",
            "name": "cpu",
            "policy_type": "TargetTrackingScaling",
            "resource_id": "service/my-ecs/my-ecs",
            "scalable_dimension": "ecs:service:DesiredCount",
            "service_namespace": "ecs",
            "step_scaling_policy_configuration": [],
            "target_tracking_scaling_policy_configuration": [
              {
                "customized_metric_specification": [],
                "disable_scale_in": false,
                "predefined_metric_specification": [
                  {
                    "predefined_metric_type": "ECSServiceAverageCPUUtilization",
                    "resource_label": ""
                  }
                ],
                "scale_in_cooldown": 300,
                "scale_out_cooldown": 60,
                "target_value": 75
              }
            ]
          },
          "sensitive_attributes": [],
          "private": "bnVsbA==",
          "dependencies": [
            "aws_service_discovery_http_namespace.this",
            "data.aws_availability_zones.available",
            "data.aws_ssm_parameter.fluentbit",
            "module.alb.aws_lb_target_group.this",
            "module.ecs_cluster.aws_cloudwatch_log_group.this",
            "module.ecs_cluster.aws_ecs_cluster.this",
            "module.ecs_service.aws_appautoscaling_target.this",
            "module.ecs_service.aws_ecs_service.ignore_task_definition",
            "module.ecs_service.aws_ecs_service.this",
            "module.ecs_service.aws_ecs_task_definition.this",
            "module.ecs_service.aws_iam_policy.service",
            "module.ecs_service.aws_iam_policy.task_exec",
            "module.ecs_service.aws_iam_role.service",
            "module.ecs_service.aws_iam_role.task_exec",
            "module.ecs_service.aws_iam_role.tasks",
            "module.ecs_service.aws_iam_role_policy_attachment.service",
            "module.ecs_service.aws_iam_role_policy_attachment.task_exec",
            "module.ecs_service.aws_iam_role_policy_attachment.task_exec_additional",
            "module.ecs_service.aws_iam_role_policy_attachment.tasks",
            "module.ecs_service.aws_security_group.this",
            "module.ecs_service.data.aws_caller_identity.current",
            "module.ecs_service.data.aws_ecs_task_definition.this",
            "module.ecs_service.data.aws_iam_policy_document.service",
            "module.ecs_service.data.aws_iam_policy_document.service_assume",
            "module.ecs_service.data.aws_iam_policy_document.task_exec",
            "module.ecs_service.data.aws_iam_policy_document.task_exec_assume",
            "module.ecs_service.data.aws_iam_policy_document.tasks_assume",
            "module.ecs_service.data.aws_partition.current",
            "module.ecs_service.data.aws_region.current",
            "module.ecs_service.data.aws_subnet.this",
            "module.ecs_service.module.container_definition.aws_cloudwatch_log_group.this",
            "module.ecs_service.module.container_definition.data.aws_region.current",
            "module.vpc.aws_subnet.private",
            "module.vpc.aws_vpc.this",
            "module.vpc.aws_vpc_ipv4_cidr_block_association.this"
          ]
        },
        {
          "index_key": "memory",
          "schema_version": 0,
          "attributes": {
            "alarm_arns": [
              "arn:aws:cloudwatch:us-east-1:654654297114:alarm:TargetTracking-service/my-ecs/my-ecs-AlarmHigh-68a74117-35a7-451f-8e6b-a25e1e7fcefc",
              "arn:aws:cloudwatch:us-east-1:654654297114:alarm:TargetTracking-service/my-ecs/my-ecs-AlarmLow-fb102846-ee18-4343-91bc-39a00bd03fd9"
            ],
            "arn": "arn:aws:autoscaling:us-east-1:654654297114:scalingPolicy:c2ff526a-3699-4495-b3ff-73c1c69551ba:resource/ecs/service/my-ecs/my-ecs:policyName/memory",
            "id": "memory",
            "name": "memory",
            "policy_type": "TargetTrackingScaling",
            "resource_id": "service/my-ecs/my-ecs",
            "scalable_dimension": "ecs:service:DesiredCount",
            "service_namespace": "ecs",
            "step_scaling_policy_configuration": [],
            "target_tracking_scaling_policy_configuration": [
              {
                "customized_metric_specification": [],
                "disable_scale_in": false,
                "predefined_metric_specification": [
                  {
                    "predefined_metric_type": "ECSServiceAverageMemoryUtilization",
                    "resource_label": ""
                  }
                ],
                "scale_in_cooldown": 300,
                "scale_out_cooldown": 60,
                "target_value": 75
              }
            ]
          },
          "sensitive_attributes": [],
          "private": "bnVsbA==",
          "dependencies": [
            "aws_service_discovery_http_namespace.this",
            "data.aws_availability_zones.available",
            "data.aws_ssm_parameter.fluentbit",
            "module.alb.aws_lb_target_group.this",
            "module.ecs_cluster.aws_cloudwatch_log_group.this",
            "module.ecs_cluster.aws_ecs_cluster.this",
            "module.ecs_service.aws_appautoscaling_target.this",
            "module.ecs_service.aws_ecs_service.ignore_task_definition",
            "module.ecs_service.aws_ecs_service.this",
            "module.ecs_service.aws_ecs_task_definition.this",
            "module.ecs_service.aws_iam_policy.service",
            "module.ecs_service.aws_iam_policy.task_exec",
            "module.ecs_service.aws_iam_role.service",
            "module.ecs_service.aws_iam_role.task_exec",
            "module.ecs_service.aws_iam_role.tasks",
            "module.ecs_service.aws_iam_role_policy_attachment.service",
            "module.ecs_service.aws_iam_role_policy_attachment.task_exec",
            "module.ecs_service.aws_iam_role_policy_attachment.task_exec_additional",
            "module.ecs_service.aws_iam_role_policy_attachment.tasks",
            "module.ecs_service.aws_security_group.this",
            "module.ecs_service.data.aws_caller_identity.current",
            "module.ecs_service.data.aws_ecs_task_definition.this",
            "module.ecs_service.data.aws_iam_policy_document.service",
            "module.ecs_service.data.aws_iam_policy_document.service_assume",
            "module.ecs_service.data.aws_iam_policy_document.task_exec",
            "module.ecs_service.data.aws_iam_policy_document.task_exec_assume",
            "module.ecs_service.data.aws_iam_policy_document.tasks_assume",
            "module.ecs_service.data.aws_partition.current",
            "module.ecs_service.data.aws_region.current",
            "module.ecs_service.data.aws_subnet.this",
            "module.ecs_service.module.container_definition.aws_cloudwatch_log_group.this",
            "module.ecs_service.module.container_definition.data.aws_region.current",
            "module.vpc.aws_subnet.private",
            "module.vpc.aws_vpc.this",
            "module.vpc.aws_vpc_ipv4_cidr_block_association.this"
          ]
        }
      ]
    },
    {
      "module": "module.ecs_service",
      "mode": "managed",
      "type": "aws_appautoscaling_target",
      "name": "this",
      "provider": "provider[\"registry.terraform.io/hashicorp/aws\"]",
      "instances": [
        {
          "index_key": 0,
          "schema_version": 0,
          "attributes": {
            "arn": "arn:aws:application-autoscaling:us-east-1:654654297114:scalable-target/0ec5c2ff526a36994495b3ff73c1c69551ba",
            "id": "service/my-ecs/my-ecs",
            "max_capacity": 10,
            "min_capacity": 1,
            "resource_id": "service/my-ecs/my-ecs",
            "role_arn": "arn:aws:iam::654654297114:role/aws-service-role/ecs.application-autoscaling.amazonaws.com/AWSServiceRoleForApplicationAutoScaling_ECSService",
            "scalable_dimension": "ecs:service:DesiredCount",
            "service_namespace": "ecs",
            "suspended_state": [
              {
                "dynamic_scaling_in_suspended": false,
                "dynamic_scaling_out_suspended": false,
                "scheduled_scaling_suspended": false
              }
            ],
            "tags": {
              "Example": "my-ecs",
              "Name": "my-ecs",
              "Repository": "https://github.com/terraform-aws-modules/terraform-aws-ecs"
            },
            "tags_all": {
              "Example": "my-ecs",
              "Name": "my-ecs",
              "Repository": "https://github.com/terraform-aws-modules/terraform-aws-ecs"
            }
          },
          "sensitive_attributes": [],
          "private": "bnVsbA==",
          "dependencies": [
            "aws_service_discovery_http_namespace.this",
            "data.aws_availability_zones.available",
            "data.aws_ssm_parameter.fluentbit",
            "module.alb.aws_lb_target_group.this",
            "module.ecs_cluster.aws_cloudwatch_log_group.this",
            "module.ecs_cluster.aws_ecs_cluster.this",
            "module.ecs_service.aws_ecs_service.ignore_task_definition",
            "module.ecs_service.aws_ecs_service.this",
            "module.ecs_service.aws_ecs_task_definition.this",
            "module.ecs_service.aws_iam_policy.service",
            "module.ecs_service.aws_iam_policy.task_exec",
            "module.ecs_service.aws_iam_role.service",
            "module.ecs_service.aws_iam_role.task_exec",
            "module.ecs_service.aws_iam_role.tasks",
            "module.ecs_service.aws_iam_role_policy_attachment.service",
            "module.ecs_service.aws_iam_role_policy_attachment.task_exec",
            "module.ecs_service.aws_iam_role_policy_attachment.task_exec_additional",
            "module.ecs_service.aws_iam_role_policy_attachment.tasks",
            "module.ecs_service.aws_security_group.this",
            "module.ecs_service.data.aws_caller_identity.current",
            "module.ecs_service.data.aws_ecs_task_definition.this",
            "module.ecs_service.data.aws_iam_policy_document.service",
            "module.ecs_service.data.aws_iam_policy_document.service_assume",
            "module.ecs_service.data.aws_iam_policy_document.task_exec",
            "module.ecs_service.data.aws_iam_policy_document.task_exec_assume",
            "module.ecs_service.data.aws_iam_policy_document.tasks_assume",
            "module.ecs_service.data.aws_partition.current",
            "module.ecs_service.data.aws_region.current",
            "module.ecs_service.data.aws_subnet.this",
            "module.ecs_service.module.container_definition.aws_cloudwatch_log_group.this",
            "module.ecs_service.module.container_definition.data.aws_region.current",
            "module.vpc.aws_subnet.private",
            "module.vpc.aws_vpc.this",
            "module.vpc.aws_vpc_ipv4_cidr_block_association.this"
          ]
        }
      ]
    },
    {
      "module": "module.ecs_service",
      "mode": "managed",
      "type": "aws_ecs_service",
      "name": "this",
      "provider": "provider[\"registry.terraform.io/hashicorp/aws\"]",
      "instances": [
        {
          "index_key": 0,
          "schema_version": 1,
          "attributes": {
            "alarms": [],
            "availability_zone_rebalancing": "DISABLED",
            "capacity_provider_strategy": [],
            "cluster": "arn:aws:ecs:us-east-1:654654297114:cluster/my-ecs",
            "deployment_circuit_breaker": [
              {
                "enable": false,
                "rollback": false
              }
            ],
            "deployment_controller": [
              {
                "type": "ECS"
              }
            ],
            "deployment_maximum_percent": 200,
            "deployment_minimum_healthy_percent": 66,
            "desired_count": 1,
            "enable_ecs_managed_tags": true,
            "enable_execute_command": true,
            "force_delete": null,
            "force_new_deployment": true,
            "health_check_grace_period_seconds": 0,
            "iam_role": "/aws-service-role/ecs.amazonaws.com/AWSServiceRoleForECS",
            "id": "arn:aws:ecs:us-east-1:654654297114:service/my-ecs/my-ecs",
            "launch_type": "FARGATE",
            "load_balancer": [
              {
                "container_name": "weather-api",
                "container_port": 8080,
                "elb_name": "",
                "target_group_arn": "arn:aws:elasticloadbalancing:us-east-1:654654297114:targetgroup/tf-2024121712062826230000000d/48936b351ad98b75"
              }
            ],
            "name": "my-ecs",
            "network_configuration": [
              {
                "assign_public_ip": false,
                "security_groups": [
                  "sg-0a8e905ec8c1790c9"
                ],
                "subnets": [
                  "subnet-00ce0c487f25c2087",
                  "subnet-04524ed3615ae1553"
                ]
              }
            ],
            "ordered_placement_strategy": [],
            "placement_constraints": [],
            "platform_version": "LATEST",
            "propagate_tags": "NONE",
            "scheduling_strategy": "REPLICA",
            "service_connect_configuration": [
              {
                "enabled": true,
                "log_configuration": [],
                "namespace": "arn:aws:servicediscovery:us-east-1:654654297114:namespace/ns-4gvgtnaoxudy7e5n",
                "service": [
                  {
                    "client_alias": [
                      {
                        "dns_name": "weather-api",
                        "port": 8080
                      }
                    ],
                    "discovery_name": "weather-api",
                    "ingress_port_override": 0,
                    "port_name": "weather-api",
                    "timeout": [],
                    "tls": []
                  }
                ]
              }
            ],
            "service_registries": [],
            "tags": {
              "Example": "my-ecs",
              "Name": "my-ecs",
              "Repository": "https://github.com/terraform-aws-modules/terraform-aws-ecs",
              "ServiceTag": "Tag on service level"
            },
            "tags_all": {
              "Example": "my-ecs",
              "Name": "my-ecs",
              "Repository": "https://github.com/terraform-aws-modules/terraform-aws-ecs",
              "ServiceTag": "Tag on service level"
            },
            "task_definition": "my-ecs:1",
            "timeouts": {
              "create": null,
              "delete": null,
              "update": null
            },
            "triggers": {},
            "volume_configuration": [],
            "vpc_lattice_configurations": [],
            "wait_for_steady_state": false
          },
          "sensitive_attributes": [],
          "private": "eyJlMmJmYjczMC1lY2FhLTExZTYtOGY4OC0zNDM2M2JjN2M0YzAiOnsiY3JlYXRlIjoxMjAwMDAwMDAwMDAwLCJkZWxldGUiOjEyMDAwMDAwMDAwMDAsInVwZGF0ZSI6MTIwMDAwMDAwMDAwMH0sInNjaGVtYV92ZXJzaW9uIjoiMSJ9",
          "dependencies": [
            "aws_service_discovery_http_namespace.this",
            "data.aws_availability_zones.available",
            "data.aws_ssm_parameter.fluentbit",
            "module.alb.aws_lb_target_group.this",
            "module.ecs_cluster.aws_cloudwatch_log_group.this",
            "module.ecs_cluster.aws_ecs_cluster.this",
            "module.ecs_service.aws_ecs_task_definition.this",
            "module.ecs_service.aws_iam_policy.service",
            "module.ecs_service.aws_iam_policy.task_exec",
            "module.ecs_service.aws_iam_role.service",
            "module.ecs_service.aws_iam_role.task_exec",
            "module.ecs_service.aws_iam_role.tasks",
            "module.ecs_service.aws_iam_role_policy_attachment.service",
            "module.ecs_service.aws_iam_role_policy_attachment.task_exec",
            "module.ecs_service.aws_iam_role_policy_attachment.task_exec_additional",
            "module.ecs_service.aws_iam_role_policy_attachment.tasks",
            "module.ecs_service.aws_security_group.this",
            "module.ecs_service.data.aws_caller_identity.current",
            "module.ecs_service.data.aws_ecs_task_definition.this",
            "module.ecs_service.data.aws_iam_policy_document.service",
            "module.ecs_service.data.aws_iam_policy_document.service_assume",
            "module.ecs_service.data.aws_iam_policy_document.task_exec",
            "module.ecs_service.data.aws_iam_policy_document.task_exec_assume",
            "module.ecs_service.data.aws_iam_policy_document.tasks_assume",
            "module.ecs_service.data.aws_partition.current",
            "module.ecs_service.data.aws_region.current",
            "module.ecs_service.data.aws_subnet.this",
            "module.ecs_service.module.container_definition.aws_cloudwatch_log_group.this",
            "module.ecs_service.module.container_definition.data.aws_region.current",
            "module.vpc.aws_subnet.private",
            "module.vpc.aws_vpc.this",
            "module.vpc.aws_vpc_ipv4_cidr_block_association.this"
          ]
        }
      ]
    },
    {
      "module": "module.ecs_service",
      "mode": "managed",
      "type": "aws_ecs_task_definition",
      "name": "this",
      "provider": "provider[\"registry.terraform.io/hashicorp/aws\"]",
      "instances": [
        {
          "index_key": 0,
          "schema_version": 1,
          "attributes": {
            "arn": "arn:aws:ecs:us-east-1:654654297114:task-definition/my-ecs:1",
            "arn_without_revision": "arn:aws:ecs:us-east-1:654654297114:task-definition/my-ecs",
            "container_definitions": "[{\"cpu\":512,\"environment\":[],\"essential\":true,\"firelensConfiguration\":{\"type\":\"fluentbit\"},\"image\":\"906394416424.dkr.ecr.us-east-1.amazonaws.com/aws-for-fluent-bit:2.32.4\",\"interactive\":false,\"linuxParameters\":{\"initProcessEnabled\":true},\"logConfiguration\":{\"logDriver\":\"awslogs\",\"options\":{\"awslogs-stream-prefix\":\"ecs\",\"awslogs-group\":\"/aws/ecs/my-ecs/fluent-bit\",\"awslogs-region\":\"us-east-1\"}},\"memory\":1024,\"memoryReservation\":50,\"mountPoints\":[],\"name\":\"fluent-bit\",\"portMappings\":[],\"privileged\":false,\"pseudoTerminal\":false,\"readonlyRootFilesystem\":true,\"startTimeout\":30,\"stopTimeout\":120,\"systemControls\":[],\"user\":\"0\",\"volumesFrom\":[]},{\"cpu\":512,\"dependsOn\":[{\"condition\":\"START\",\"containerName\":\"fluent-bit\"}],\"environment\":[],\"essential\":true,\"image\":\"654654297114.dkr.ecr.us-east-1.amazonaws.com/weather-api\",\"interactive\":false,\"linuxParameters\":{\"capabilities\":{\"add\":[],\"drop\":[\"NET_RAW\"]},\"initProcessEnabled\":true},\"logConfiguration\":{\"logDriver\":\"awsfirelens\",\"options\":{\"delivery_stream\":\"my-stream\",\"log-driver-buffer-limit\":\"2097152\",\"region\":\"us-east-1\",\"Name\":\"firehose\"}},\"memory\":1024,\"memoryReservation\":100,\"mountPoints\":[],\"name\":\"weather-api\",\"portMappings\":[{\"containerPort\":8080,\"hostPort\":8080,\"name\":\"weather-api\",\"protocol\":\"tcp\"}],\"privileged\":false,\"pseudoTerminal\":false,\"readonlyRootFilesystem\":false,\"startTimeout\":30,\"stopTimeout\":120,\"systemControls\":[],\"user\":\"0\",\"volumesFrom\":[{\"readOnly\":false,\"sourceContainer\":\"fluent-bit\"}]}]",
            "cpu": "1024",
            "ephemeral_storage": [],
            "execution_role_arn": "arn:aws:iam::654654297114:role/my-ecs-20241217120614633400000007",
            "family": "my-ecs",
            "id": "my-ecs",
            "inference_accelerator": [],
            "ipc_mode": "",
            "memory": "4096",
            "network_mode": "awsvpc",
            "pid_mode": "",
            "placement_constraints": [],
            "proxy_configuration": [],
            "requires_compatibilities": [
              "FARGATE"
            ],
            "revision": 1,
            "runtime_platform": [
              {
                "cpu_architecture": "X86_64",
                "operating_system_family": "LINUX"
              }
            ],
            "skip_destroy": false,
            "tags": {
              "Example": "my-ecs",
              "Name": "my-ecs",
              "Repository": "https://github.com/terraform-aws-modules/terraform-aws-ecs"
            },
            "tags_all": {
              "Example": "my-ecs",
              "Name": "my-ecs",
              "Repository": "https://github.com/terraform-aws-modules/terraform-aws-ecs"
            },
            "task_role_arn": "arn:aws:iam::654654297114:role/my-ecs-20241217120614629900000002",
            "track_latest": false,
            "volume": []
          },
          "sensitive_attributes": [],
          "private": "eyJzY2hlbWFfdmVyc2lvbiI6IjEifQ==",
          "dependencies": [
            "data.aws_ssm_parameter.fluentbit",
            "module.ecs_service.aws_iam_policy.task_exec",
            "module.ecs_service.aws_iam_role.task_exec",
            "module.ecs_service.aws_iam_role.tasks",
            "module.ecs_service.aws_iam_role_policy_attachment.task_exec",
            "module.ecs_service.aws_iam_role_policy_attachment.task_exec_additional",
            "module.ecs_service.aws_iam_role_policy_attachment.tasks",
            "module.ecs_service.data.aws_caller_identity.current",
            "module.ecs_service.data.aws_iam_policy_document.task_exec",
            "module.ecs_service.data.aws_iam_policy_document.task_exec_assume",
            "module.ecs_service.data.aws_iam_policy_document.tasks_assume",
            "module.ecs_service.data.aws_partition.current",
            "module.ecs_service.data.aws_region.current",
            "module.ecs_service.module.container_definition.aws_cloudwatch_log_group.this",
            "module.ecs_service.module.container_definition.data.aws_region.current"
          ],
          "create_before_destroy": true
        }
      ]
    },
    {
      "module": "module.ecs_service",
      "mode": "managed",
      "type": "aws_iam_policy",
      "name": "task_exec",
      "provider": "provider[\"registry.terraform.io/hashicorp/aws\"]",
      "instances": [
        {
          "index_key": 0,
          "schema_version": 0,
          "attributes": {
            "arn": "arn:aws:iam::654654297114:policy/my-ecs-20241217120614630200000003",
            "attachment_count": 0,
            "description": "Task execution role IAM policy",
            "id": "arn:aws:iam::654654297114:policy/my-ecs-20241217120614630200000003",
            "name": "my-ecs-20241217120614630200000003",
            "name_prefix": "my-ecs-",
            "path": "/",
            "policy": "{\"Statement\":[{\"Action\":[\"logs:PutLogEvents\",\"logs:CreateLogStream\"],\"Effect\":\"Allow\",\"Resource\":\"*\",\"Sid\":\"Logs\"},{\"Action\":[\"ecr:GetDownloadUrlForLayer\",\"ecr:GetAuthorizationToken\",\"ecr:BatchGetImage\",\"ecr:BatchCheckLayerAvailability\"],\"Effect\":\"Allow\",\"Resource\":\"*\",\"Sid\":\"ECR\"},{\"Action\":\"ssm:GetParameters\",\"Effect\":\"Allow\",\"Resource\":\"arn:aws:ssm:*:*:parameter/*\",\"Sid\":\"GetSSMParams\"},{\"Action\":\"secretsmanager:GetSecretValue\",\"Effect\":\"Allow\",\"Resource\":\"arn:aws:secretsmanager:*:*:secret:*\",\"Sid\":\"GetSecrets\"}],\"Version\":\"2012-10-17\"}",
            "policy_id": "ANPAZQ3DP2QNFQO4D6JJ7",
            "tags": {
              "Example": "my-ecs",
              "Name": "my-ecs",
              "Repository": "https://github.com/terraform-aws-modules/terraform-aws-ecs"
            },
            "tags_all": {
              "Example": "my-ecs",
              "Name": "my-ecs",
              "Repository": "https://github.com/terraform-aws-modules/terraform-aws-ecs"
            }
          },
          "sensitive_attributes": [],
          "private": "bnVsbA==",
          "dependencies": [
            "module.ecs_service.data.aws_iam_policy_document.task_exec"
          ],
          "create_before_destroy": true
        }
      ]
    },
    {
      "module": "module.ecs_service",
      "mode": "managed",
      "type": "aws_iam_role",
      "name": "task_exec",
      "provider": "provider[\"registry.terraform.io/hashicorp/aws\"]",
      "instances": [
        {
          "index_key": 0,
          "schema_version": 0,
          "attributes": {
            "arn": "arn:aws:iam::654654297114:role/my-ecs-20241217120614633400000007",
            "assume_role_policy": "{\"Statement\":[{\"Action\":\"sts:AssumeRole\",\"Effect\":\"Allow\",\"Principal\":{\"Service\":\"ecs-tasks.amazonaws.com\"},\"Sid\":\"ECSTaskExecutionAssumeRole\"}],\"Version\":\"2012-10-17\"}",
            "create_date": "2024-12-17T12:06:13Z",
            "description": "Task execution role for my-ecs",
            "force_detach_policies": true,
            "id": "my-ecs-20241217120614633400000007",
            "inline_policy": [],
            "managed_policy_arns": [],
            "max_session_duration": 3600,
            "name": "my-ecs-20241217120614633400000007",
            "name_prefix": "my-ecs-",
            "path": "/",
            "permissions_boundary": "",
            "tags": {
              "Example": "my-ecs",
              "Name": "my-ecs",
              "Repository": "https://github.com/terraform-aws-modules/terraform-aws-ecs"
            },
            "tags_all": {
              "Example": "my-ecs",
              "Name": "my-ecs",
              "Repository": "https://github.com/terraform-aws-modules/terraform-aws-ecs"
            },
            "unique_id": "AROAZQ3DP2QNM3K4SMUDQ"
          },
          "sensitive_attributes": [],
          "private": "bnVsbA==",
          "dependencies": [
            "module.ecs_service.data.aws_iam_policy_document.task_exec_assume"
          ],
          "create_before_destroy": true
        }
      ]
    },
    {
      "module": "module.ecs_service",
      "mode": "managed",
      "type": "aws_iam_role",
      "name": "tasks",
      "provider": "provider[\"registry.terraform.io/hashicorp/aws\"]",
      "instances": [
        {
          "index_key": 0,
          "schema_version": 0,
          "attributes": {
            "arn": "arn:aws:iam::654654297114:role/my-ecs-20241217120614629900000002",
            "assume_role_policy": "{\"Statement\":[{\"Action\":\"sts:AssumeRole\",\"Condition\":{\"ArnLike\":{\"aws:SourceArn\":\"arn:aws:ecs:us-east-1:654654297114:*\"},\"StringEquals\":{\"aws:SourceAccount\":\"654654297114\"}},\"Effect\":\"Allow\",\"Principal\":{\"Service\":\"ecs-tasks.amazonaws.com\"},\"Sid\":\"ECSTasksAssumeRole\"}],\"Version\":\"2012-10-17\"}",
            "create_date": "2024-12-17T12:06:13Z",
            "description": "",
            "force_detach_policies": true,
            "id": "my-ecs-20241217120614629900000002",
            "inline_policy": [],
            "managed_policy_arns": [],
            "max_session_duration": 3600,
            "name": "my-ecs-20241217120614629900000002",
            "name_prefix": "my-ecs-",
            "path": "/",
            "permissions_boundary": "",
            "tags": {
              "Example": "my-ecs",
              "Name": "my-ecs",
              "Repository": "https://github.com/terraform-aws-modules/terraform-aws-ecs"
            },
            "tags_all": {
              "Example": "my-ecs",
              "Name": "my-ecs",
              "Repository": "https://github.com/terraform-aws-modules/terraform-aws-ecs"
            },
            "unique_id": "AROAZQ3DP2QNOK4DKQAWO"
          },
          "sensitive_attributes": [],
          "private": "bnVsbA==",
          "dependencies": [
            "module.ecs_service.data.aws_caller_identity.current",
            "module.ecs_service.data.aws_iam_policy_document.tasks_assume",
            "module.ecs_service.data.aws_partition.current",
            "module.ecs_service.data.aws_region.current"
          ],
          "create_before_destroy": true
        }
      ]
    },
    {
      "module": "module.ecs_service",
      "mode": "managed",
      "type": "aws_iam_role_policy",
      "name": "tasks",
      "provider": "provider[\"registry.terraform.io/hashicorp/aws\"]",
      "instances": [
        {
          "index_key": 0,
          "schema_version": 0,
          "attributes": {
            "id": "my-ecs-20241217120614629900000002:my-ecs-20241217120615318800000008",
            "name": "my-ecs-20241217120615318800000008",
            "name_prefix": "my-ecs-",
            "policy": "{\"Version\":\"2012-10-17\",\"Statement\":[{\"Action\":[\"ssmmessages:OpenDataChannel\",\"ssmmessages:OpenControlChannel\",\"ssmmessages:CreateDataChannel\",\"ssmmessages:CreateControlChannel\"],\"Effect\":\"Allow\",\"Resource\":\"*\",\"Sid\":\"ECSExec\"}]}",
            "role": "my-ecs-20241217120614629900000002"
          },
          "sensitive_attributes": [],
          "private": "bnVsbA==",
          "dependencies": [
            "module.ecs_service.aws_iam_role.tasks",
            "module.ecs_service.data.aws_caller_identity.current",
            "module.ecs_service.data.aws_iam_policy_document.tasks",
            "module.ecs_service.data.aws_iam_policy_document.tasks_assume",
            "module.ecs_service.data.aws_partition.current",
            "module.ecs_service.data.aws_region.current"
          ]
        }
      ]
    },
    {
      "module": "module.ecs_service",
      "mode": "managed",
      "type": "aws_iam_role_policy_attachment",
      "name": "task_exec",
      "provider": "provider[\"registry.terraform.io/hashicorp/aws\"]",
      "instances": [
        {
          "index_key": 0,
          "schema_version": 0,
          "attributes": {
            "id": "my-ecs-20241217120614633400000007-20241217120615402900000009",
            "policy_arn": "arn:aws:iam::654654297114:policy/my-ecs-20241217120614630200000003",
            "role": "my-ecs-20241217120614633400000007"
          },
          "sensitive_attributes": [],
          "private": "bnVsbA==",
          "dependencies": [
            "module.ecs_service.aws_iam_policy.task_exec",
            "module.ecs_service.aws_iam_role.task_exec",
            "module.ecs_service.data.aws_iam_policy_document.task_exec",
            "module.ecs_service.data.aws_iam_policy_document.task_exec_assume"
          ],
          "create_before_destroy": true
        }
      ]
    },
    {
      "module": "module.ecs_service",
      "mode": "managed",
      "type": "aws_security_group",
      "name": "this",
      "provider": "provider[\"registry.terraform.io/hashicorp/aws\"]",
      "instances": [
        {
          "index_key": 0,
          "schema_version": 1,
          "attributes": {
            "arn": "arn:aws:ec2:us-east-1:654654297114:security-group/sg-0a8e905ec8c1790c9",
            "description": "Managed by Terraform",
            "egress": [],
            "id": "sg-0a8e905ec8c1790c9",
            "ingress": [],
            "name": "my-ecs-20241217120629549000000011",
            "name_prefix": "my-ecs-",
            "owner_id": "654654297114",
            "revoke_rules_on_delete": false,
            "tags": {
              "Example": "my-ecs",
              "Name": "my-ecs",
              "Repository": "https://github.com/terraform-aws-modules/terraform-aws-ecs"
            },
            "tags_all": {
              "Example": "my-ecs",
              "Name": "my-ecs",
              "Repository": "https://github.com/terraform-aws-modules/terraform-aws-ecs"
            },
            "timeouts": null,
            "vpc_id": "vpc-089bb37c4f621abb7"
          },
          "sensitive_attributes": [],
          "private": "eyJlMmJmYjczMC1lY2FhLTExZTYtOGY4OC0zNDM2M2JjN2M0YzAiOnsiY3JlYXRlIjo2MDAwMDAwMDAwMDAsImRlbGV0ZSI6OTAwMDAwMDAwMDAwfSwic2NoZW1hX3ZlcnNpb24iOiIxIn0=",
          "dependencies": [
            "data.aws_availability_zones.available",
            "module.ecs_service.data.aws_subnet.this",
            "module.vpc.aws_subnet.private",
            "module.vpc.aws_vpc.this",
            "module.vpc.aws_vpc_ipv4_cidr_block_association.this"
          ],
          "create_before_destroy": true
        }
      ]
    },
    {
      "module": "module.ecs_service",
      "mode": "managed",
      "type": "aws_security_group_rule",
      "name": "this",
      "provider": "provider[\"registry.terraform.io/hashicorp/aws\"]",
      "instances": [
        {
          "index_key": "alb_ingress_3000",
          "schema_version": 2,
          "attributes": {
            "cidr_blocks": null,
            "description": "Service port",
            "from_port": 8080,
            "id": "sgrule-3283278785",
            "ipv6_cidr_blocks": null,
            "prefix_list_ids": null,
            "protocol": "tcp",
            "security_group_id": "sg-0a8e905ec8c1790c9",
            "security_group_rule_id": "sgr-0ca92974db47b5041",
            "self": false,
            "source_security_group_id": "sg-0f28a523776283a42",
            "timeouts": null,
            "to_port": 8080,
            "type": "ingress"
          },
          "sensitive_attributes": [],
          "private": "eyJlMmJmYjczMC1lY2FhLTExZTYtOGY4OC0zNDM2M2JjN2M0YzAiOnsiY3JlYXRlIjozMDAwMDAwMDAwMDB9LCJzY2hlbWFfdmVyc2lvbiI6IjIifQ==",
          "dependencies": [
            "data.aws_availability_zones.available",
            "module.alb.aws_security_group.this",
            "module.ecs_service.aws_security_group.this",
            "module.ecs_service.data.aws_subnet.this",
            "module.vpc.aws_subnet.private",
            "module.vpc.aws_vpc.this",
            "module.vpc.aws_vpc_ipv4_cidr_block_association.this"
          ]
        },
        {
          "index_key": "egress_all",
          "schema_version": 2,
          "attributes": {
            "cidr_blocks": [
              "0.0.0.0/0"
            ],
            "description": null,
            "from_port": 0,
            "id": "sgrule-3687124586",
            "ipv6_cidr_blocks": null,
            "prefix_list_ids": null,
            "protocol": "-1",
            "security_group_id": "sg-0a8e905ec8c1790c9",
            "security_group_rule_id": "sgr-0782155ec9451b746",
            "self": false,
            "source_security_group_id": null,
            "timeouts": null,
            "to_port": 0,
            "type": "egress"
          },
          "sensitive_attributes": [],
          "private": "eyJlMmJmYjczMC1lY2FhLTExZTYtOGY4OC0zNDM2M2JjN2M0YzAiOnsiY3JlYXRlIjozMDAwMDAwMDAwMDB9LCJzY2hlbWFfdmVyc2lvbiI6IjIifQ==",
          "dependencies": [
            "data.aws_availability_zones.available",
            "module.alb.aws_security_group.this",
            "module.ecs_service.aws_security_group.this",
            "module.ecs_service.data.aws_subnet.this",
            "module.vpc.aws_subnet.private",
            "module.vpc.aws_vpc.this",
            "module.vpc.aws_vpc_ipv4_cidr_block_association.this"
          ]
        }
      ]
    },
    {
      "module": "module.ecs_service.module.container_definition[\"fluent-bit\"]",
      "mode": "data",
      "type": "aws_region",
      "name": "current",
      "provider": "provider[\"registry.terraform.io/hashicorp/aws\"]",
      "instances": [
        {
          "schema_version": 0,
          "attributes": {
            "description": "US East (N. Virginia)",
            "endpoint": "ec2.us-east-1.amazonaws.com",
            "id": "us-east-1",
            "name": "us-east-1"
          },
          "sensitive_attributes": []
        }
      ]
    },
    {
      "module": "module.ecs_service.module.container_definition[\"fluent-bit\"]",
      "mode": "managed",
      "type": "aws_cloudwatch_log_group",
      "name": "this",
      "provider": "provider[\"registry.terraform.io/hashicorp/aws\"]",
      "instances": [
        {
          "index_key": 0,
          "schema_version": 0,
          "attributes": {
            "arn": "arn:aws:logs:us-east-1:654654297114:log-group:/aws/ecs/my-ecs/fluent-bit",
            "id": "/aws/ecs/my-ecs/fluent-bit",
            "kms_key_id": "",
            "log_group_class": "STANDARD",
            "name": "/aws/ecs/my-ecs/fluent-bit",
            "name_prefix": "",
            "retention_in_days": 14,
            "skip_destroy": false,
            "tags": {
              "Example": "my-ecs",
              "Name": "my-ecs",
              "Repository": "https://github.com/terraform-aws-modules/terraform-aws-ecs"
            },
            "tags_all": {
              "Example": "my-ecs",
              "Name": "my-ecs",
              "Repository": "https://github.com/terraform-aws-modules/terraform-aws-ecs"
            }
          },
          "sensitive_attributes": [],
          "private": "bnVsbA==",
          "dependencies": [
            "data.aws_ssm_parameter.fluentbit"
          ],
          "create_before_destroy": true
        }
      ]
    },
    {
      "module": "module.ecs_service.module.container_definition[\"weather-api\"]",
      "mode": "data",
      "type": "aws_region",
      "name": "current",
      "provider": "provider[\"registry.terraform.io/hashicorp/aws\"]",
      "instances": [
        {
          "schema_version": 0,
          "attributes": {
            "description": "US East (N. Virginia)",
            "endpoint": "ec2.us-east-1.amazonaws.com",
            "id": "us-east-1",
            "name": "us-east-1"
          },
          "sensitive_attributes": []
        }
      ]
    },
    {
      "module": "module.ecs_task_definition",
      "mode": "data",
      "type": "aws_caller_identity",
      "name": "current",
      "provider": "provider[\"registry.terraform.io/hashicorp/aws\"]",
      "instances": [
        {
          "schema_version": 0,
          "attributes": {
            "account_id": "654654297114",
            "arn": "arn:aws:iam::654654297114:user/Paul",
            "id": "654654297114",
            "user_id": "AIDAZQ3DP2QNLBSXPVYLB"
          },
          "sensitive_attributes": []
        }
      ]
    },
    {
      "module": "module.ecs_task_definition",
      "mode": "data",
      "type": "aws_ecs_task_definition",
      "name": "this",
      "provider": "provider[\"registry.terraform.io/hashicorp/aws\"]",
      "instances": [
        {
          "index_key": 0,
          "schema_version": 0,
          "attributes": {
            "arn": "arn:aws:ecs:us-east-1:654654297114:task-definition/my-ecs-standalone:1",
            "arn_without_revision": "arn:aws:ecs:us-east-1:654654297114:task-definition/my-ecs-standalone",
            "execution_role_arn": "arn:aws:iam::654654297114:role/my-ecs-standalone-20241217120614633400000005",
            "family": "my-ecs-standalone",
            "id": "arn:aws:ecs:us-east-1:654654297114:task-definition/my-ecs-standalone:1",
            "network_mode": "awsvpc",
            "revision": 1,
            "status": "ACTIVE",
            "task_definition": "my-ecs-standalone",
            "task_role_arn": "arn:aws:iam::654654297114:role/my-ecs-standalone-20241217120614633400000006"
          },
          "sensitive_attributes": []
        }
      ]
    },
    {
      "module": "module.ecs_task_definition",
      "mode": "data",
      "type": "aws_iam_policy_document",
      "name": "task_exec",
      "provider": "provider[\"registry.terraform.io/hashicorp/aws\"]",
      "instances": [
        {
          "index_key": 0,
          "schema_version": 0,
          "attributes": {
            "id": "1415633931",
            "json": "{\n  \"Version\": \"2012-10-17\",\n  \"Statement\": [\n    {\n      \"Sid\": \"Logs\",\n      \"Effect\": \"Allow\",\n      \"Action\": [\n        \"logs:PutLogEvents\",\n        \"logs:CreateLogStream\"\n      ],\n      \"Resource\": \"*\"\n    },\n    {\n      \"Sid\": \"ECR\",\n      \"Effect\": \"Allow\",\n      \"Action\": [\n        \"ecr:GetDownloadUrlForLayer\",\n        \"ecr:GetAuthorizationToken\",\n        \"ecr:BatchGetImage\",\n        \"ecr:BatchCheckLayerAvailability\"\n      ],\n      \"Resource\": \"*\"\n    },\n    {\n      \"Sid\": \"GetSSMParams\",\n      \"Effect\": \"Allow\",\n      \"Action\": \"ssm:GetParameters\",\n      \"Resource\": \"arn:aws:ssm:*:*:parameter/*\"\n    },\n    {\n      \"Sid\": \"GetSecrets\",\n      \"Effect\": \"Allow\",\n      \"Action\": \"secretsmanager:GetSecretValue\",\n      \"Resource\": \"arn:aws:secretsmanager:*:*:secret:*\"\n    }\n  ]\n}",
            "minified_json": "{\"Version\":\"2012-10-17\",\"Statement\":[{\"Sid\":\"Logs\",\"Effect\":\"Allow\",\"Action\":[\"logs:PutLogEvents\",\"logs:CreateLogStream\"],\"Resource\":\"*\"},{\"Sid\":\"ECR\",\"Effect\":\"Allow\",\"Action\":[\"ecr:GetDownloadUrlForLayer\",\"ecr:GetAuthorizationToken\",\"ecr:BatchGetImage\",\"ecr:BatchCheckLayerAvailability\"],\"Resource\":\"*\"},{\"Sid\":\"GetSSMParams\",\"Effect\":\"Allow\",\"Action\":\"ssm:GetParameters\",\"Resource\":\"arn:aws:ssm:*:*:parameter/*\"},{\"Sid\":\"GetSecrets\",\"Effect\":\"Allow\",\"Action\":\"secretsmanager:GetSecretValue\",\"Resource\":\"arn:aws:secretsmanager:*:*:secret:*\"}]}",
            "override_json": null,
            "override_policy_documents": null,
            "policy_id": null,
            "source_json": null,
            "source_policy_documents": null,
            "statement": [
              {
                "actions": [
                  "logs:CreateLogStream",
                  "logs:PutLogEvents"
                ],
                "condition": [],
                "effect": "Allow",
                "not_actions": [],
                "not_principals": [],
                "not_resources": [],
                "principals": [],
                "resources": [
                  "*"
                ],
                "sid": "Logs"
              },
              {
                "actions": [
                  "ecr:BatchCheckLayerAvailability",
                  "ecr:BatchGetImage",
                  "ecr:GetAuthorizationToken",
                  "ecr:GetDownloadUrlForLayer"
                ],
                "condition": [],
                "effect": "Allow",
                "not_actions": [],
                "not_principals": [],
                "not_resources": [],
                "principals": [],
                "resources": [
                  "*"
                ],
                "sid": "ECR"
              },
              {
                "actions": [
                  "ssm:GetParameters"
                ],
                "condition": [],
                "effect": "Allow",
                "not_actions": [],
                "not_principals": [],
                "not_resources": [],
                "principals": [],
                "resources": [
                  "arn:aws:ssm:*:*:parameter/*"
                ],
                "sid": "GetSSMParams"
              },
              {
                "actions": [
                  "secretsmanager:GetSecretValue"
                ],
                "condition": [],
                "effect": "Allow",
                "not_actions": [],
                "not_principals": [],
                "not_resources": [],
                "principals": [],
                "resources": [
                  "arn:aws:secretsmanager:*:*:secret:*"
                ],
                "sid": "GetSecrets"
              }
            ],
            "version": "2012-10-17"
          },
          "sensitive_attributes": []
        }
      ]
    },
    {
      "module": "module.ecs_task_definition",
      "mode": "data",
      "type": "aws_iam_policy_document",
      "name": "task_exec_assume",
      "provider": "provider[\"registry.terraform.io/hashicorp/aws\"]",
      "instances": [
        {
          "index_key": 0,
          "schema_version": 0,
          "attributes": {
            "id": "2291109037",
            "json": "{\n  \"Version\": \"2012-10-17\",\n  \"Statement\": [\n    {\n      \"Sid\": \"ECSTaskExecutionAssumeRole\",\n      \"Effect\": \"Allow\",\n      \"Action\": \"sts:AssumeRole\",\n      \"Principal\": {\n        \"Service\": \"ecs-tasks.amazonaws.com\"\n      }\n    }\n  ]\n}",
            "minified_json": "{\"Version\":\"2012-10-17\",\"Statement\":[{\"Sid\":\"ECSTaskExecutionAssumeRole\",\"Effect\":\"Allow\",\"Action\":\"sts:AssumeRole\",\"Principal\":{\"Service\":\"ecs-tasks.amazonaws.com\"}}]}",
            "override_json": null,
            "override_policy_documents": null,
            "policy_id": null,
            "source_json": null,
            "source_policy_documents": null,
            "statement": [
              {
                "actions": [
                  "sts:AssumeRole"
                ],
                "condition": [],
                "effect": "Allow",
                "not_actions": [],
                "not_principals": [],
                "not_resources": [],
                "principals": [
                  {
                    "identifiers": [
                      "ecs-tasks.amazonaws.com"
                    ],
                    "type": "Service"
                  }
                ],
                "resources": [],
                "sid": "ECSTaskExecutionAssumeRole"
              }
            ],
            "version": "2012-10-17"
          },
          "sensitive_attributes": []
        }
      ]
    },
    {
      "module": "module.ecs_task_definition",
      "mode": "data",
      "type": "aws_iam_policy_document",
      "name": "tasks_assume",
      "provider": "provider[\"registry.terraform.io/hashicorp/aws\"]",
      "instances": [
        {
          "index_key": 0,
          "schema_version": 0,
          "attributes": {
            "id": "171249038",
            "json": "{\n  \"Version\": \"2012-10-17\",\n  \"Statement\": [\n    {\n      \"Sid\": \"ECSTasksAssumeRole\",\n      \"Effect\": \"Allow\",\n      \"Action\": \"sts:AssumeRole\",\n      \"Principal\": {\n        \"Service\": \"ecs-tasks.amazonaws.com\"\n      },\n      \"Condition\": {\n        \"ArnLike\": {\n          \"aws:SourceArn\": \"arn:aws:ecs:us-east-1:654654297114:*\"\n        },\n        \"StringEquals\": {\n          \"aws:SourceAccount\": \"654654297114\"\n        }\n      }\n    }\n  ]\n}",
            "minified_json": "{\"Version\":\"2012-10-17\",\"Statement\":[{\"Sid\":\"ECSTasksAssumeRole\",\"Effect\":\"Allow\",\"Action\":\"sts:AssumeRole\",\"Principal\":{\"Service\":\"ecs-tasks.amazonaws.com\"},\"Condition\":{\"ArnLike\":{\"aws:SourceArn\":\"arn:aws:ecs:us-east-1:654654297114:*\"},\"StringEquals\":{\"aws:SourceAccount\":\"654654297114\"}}}]}",
            "override_json": null,
            "override_policy_documents": null,
            "policy_id": null,
            "source_json": null,
            "source_policy_documents": null,
            "statement": [
              {
                "actions": [
                  "sts:AssumeRole"
                ],
                "condition": [
                  {
                    "test": "ArnLike",
                    "values": [
                      "arn:aws:ecs:us-east-1:654654297114:*"
                    ],
                    "variable": "aws:SourceArn"
                  },
                  {
                    "test": "StringEquals",
                    "values": [
                      "654654297114"
                    ],
                    "variable": "aws:SourceAccount"
                  }
                ],
                "effect": "Allow",
                "not_actions": [],
                "not_principals": [],
                "not_resources": [],
                "principals": [
                  {
                    "identifiers": [
                      "ecs-tasks.amazonaws.com"
                    ],
                    "type": "Service"
                  }
                ],
                "resources": [],
                "sid": "ECSTasksAssumeRole"
              }
            ],
            "version": "2012-10-17"
          },
          "sensitive_attributes": []
        }
      ]
    },
    {
      "module": "module.ecs_task_definition",
      "mode": "data",
      "type": "aws_partition",
      "name": "current",
      "provider": "provider[\"registry.terraform.io/hashicorp/aws\"]",
      "instances": [
        {
          "schema_version": 0,
          "attributes": {
            "dns_suffix": "amazonaws.com",
            "id": "aws",
            "partition": "aws",
            "reverse_dns_prefix": "com.amazonaws"
          },
          "sensitive_attributes": []
        }
      ]
    },
    {
      "module": "module.ecs_task_definition",
      "mode": "data",
      "type": "aws_region",
      "name": "current",
      "provider": "provider[\"registry.terraform.io/hashicorp/aws\"]",
      "instances": [
        {
          "schema_version": 0,
          "attributes": {
            "description": "US East (N. Virginia)",
            "endpoint": "ec2.us-east-1.amazonaws.com",
            "id": "us-east-1",
            "name": "us-east-1"
          },
          "sensitive_attributes": []
        }
      ]
    },
    {
      "module": "module.ecs_task_definition",
      "mode": "data",
      "type": "aws_subnet",
      "name": "this",
      "provider": "provider[\"registry.terraform.io/hashicorp/aws\"]",
      "instances": [
        {
          "index_key": 0,
          "schema_version": 0,
          "attributes": {
            "arn": "arn:aws:ec2:us-east-1:654654297114:subnet/subnet-04524ed3615ae1553",
            "assign_ipv6_address_on_creation": false,
            "availability_zone": "us-east-1a",
            "availability_zone_id": "use1-az6",
            "available_ip_address_count": 4091,
            "cidr_block": "10.0.0.0/20",
            "customer_owned_ipv4_pool": "",
            "default_for_az": false,
            "enable_dns64": false,
            "enable_lni_at_device_index": 0,
            "enable_resource_name_dns_a_record_on_launch": false,
            "enable_resource_name_dns_aaaa_record_on_launch": false,
            "filter": null,
            "id": "subnet-04524ed3615ae1553",
            "ipv6_cidr_block": "",
            "ipv6_cidr_block_association_id": "",
            "ipv6_native": false,
            "map_customer_owned_ip_on_launch": false,
            "map_public_ip_on_launch": false,
            "outpost_arn": "",
            "owner_id": "654654297114",
            "private_dns_hostname_type_on_launch": "ip-name",
            "state": "available",
            "tags": {
              "Example": "my-ecs",
              "Name": "my-ecs",
              "Repository": "https://github.com/terraform-aws-modules/terraform-aws-ecs"
            },
            "timeouts": null,
            "vpc_id": "vpc-089bb37c4f621abb7"
          },
          "sensitive_attributes": []
        }
      ]
    },
    {
      "module": "module.ecs_task_definition",
      "mode": "managed",
      "type": "aws_ecs_task_definition",
      "name": "this",
      "provider": "provider[\"registry.terraform.io/hashicorp/aws\"]",
      "instances": [
        {
          "index_key": 0,
          "schema_version": 1,
          "attributes": {
            "arn": "arn:aws:ecs:us-east-1:654654297114:task-definition/my-ecs-standalone:1",
            "arn_without_revision": "arn:aws:ecs:us-east-1:654654297114:task-definition/my-ecs-standalone",
            "container_definitions": "[{\"command\":[\"echo hello world\"],\"entryPoint\":[\"/usr/bin/sh\",\"-c\"],\"environment\":[],\"essential\":true,\"image\":\"public.ecr.aws/amazonlinux/amazonlinux:2023-minimal\",\"interactive\":false,\"linuxParameters\":{\"initProcessEnabled\":false},\"logConfiguration\":{\"logDriver\":\"awslogs\",\"options\":{\"awslogs-group\":\"/aws/ecs/my-ecs-standalone/al2023\",\"awslogs-region\":\"us-east-1\",\"awslogs-stream-prefix\":\"ecs\"}},\"mountPoints\":[{\"containerPath\":\"/var/www/ex-vol\",\"sourceVolume\":\"ex-vol\"}],\"name\":\"al2023\",\"portMappings\":[],\"privileged\":false,\"pseudoTerminal\":false,\"readonlyRootFilesystem\":true,\"startTimeout\":30,\"stopTimeout\":120,\"systemControls\":[],\"user\":\"0\",\"volumesFrom\":[]}]",
            "cpu": "1024",
            "ephemeral_storage": [],
            "execution_role_arn": "arn:aws:iam::654654297114:role/my-ecs-standalone-20241217120614633400000005",
            "family": "my-ecs-standalone",
            "id": "my-ecs-standalone",
            "inference_accelerator": [],
            "ipc_mode": "",
            "memory": "2048",
            "network_mode": "awsvpc",
            "pid_mode": "",
            "placement_constraints": [],
            "proxy_configuration": [],
            "requires_compatibilities": [
              "FARGATE"
            ],
            "revision": 1,
            "runtime_platform": [
              {
                "cpu_architecture": "ARM64",
                "operating_system_family": "LINUX"
              }
            ],
            "skip_destroy": false,
            "tags": {
              "Example": "my-ecs",
              "Name": "my-ecs",
              "Repository": "https://github.com/terraform-aws-modules/terraform-aws-ecs"
            },
            "tags_all": {
              "Example": "my-ecs",
              "Name": "my-ecs",
              "Repository": "https://github.com/terraform-aws-modules/terraform-aws-ecs"
            },
            "task_role_arn": "arn:aws:iam::654654297114:role/my-ecs-standalone-20241217120614633400000006",
            "track_latest": false,
            "volume": [
              {
                "configure_at_launch": false,
                "docker_volume_configuration": [],
                "efs_volume_configuration": [],
                "fsx_windows_file_server_volume_configuration": [],
                "host_path": "",
                "name": "ex-vol"
              }
            ]
          },
          "sensitive_attributes": [],
          "private": "eyJzY2hlbWFfdmVyc2lvbiI6IjEifQ==",
          "dependencies": [
            "module.ecs_task_definition.aws_iam_policy.task_exec",
            "module.ecs_task_definition.aws_iam_role.task_exec",
            "module.ecs_task_definition.aws_iam_role.tasks",
            "module.ecs_task_definition.aws_iam_role_policy_attachment.task_exec",
            "module.ecs_task_definition.aws_iam_role_policy_attachment.task_exec_additional",
            "module.ecs_task_definition.aws_iam_role_policy_attachment.tasks",
            "module.ecs_task_definition.data.aws_caller_identity.current",
            "module.ecs_task_definition.data.aws_iam_policy_document.task_exec",
            "module.ecs_task_definition.data.aws_iam_policy_document.task_exec_assume",
            "module.ecs_task_definition.data.aws_iam_policy_document.tasks_assume",
            "module.ecs_task_definition.data.aws_partition.current",
            "module.ecs_task_definition.data.aws_region.current",
            "module.ecs_task_definition.module.container_definition.aws_cloudwatch_log_group.this",
            "module.ecs_task_definition.module.container_definition.data.aws_region.current"
          ],
          "create_before_destroy": true
        }
      ]
    },
    {
      "module": "module.ecs_task_definition",
      "mode": "managed",
      "type": "aws_iam_policy",
      "name": "task_exec",
      "provider": "provider[\"registry.terraform.io/hashicorp/aws\"]",
      "instances": [
        {
          "index_key": 0,
          "schema_version": 0,
          "attributes": {
            "arn": "arn:aws:iam::654654297114:policy/my-ecs-standalone-20241217120614631800000004",
            "attachment_count": 0,
            "description": "Task execution role IAM policy",
            "id": "arn:aws:iam::654654297114:policy/my-ecs-standalone-20241217120614631800000004",
            "name": "my-ecs-standalone-20241217120614631800000004",
            "name_prefix": "my-ecs-standalone-",
            "path": "/",
            "policy": "{\"Statement\":[{\"Action\":[\"logs:PutLogEvents\",\"logs:CreateLogStream\"],\"Effect\":\"Allow\",\"Resource\":\"*\",\"Sid\":\"Logs\"},{\"Action\":[\"ecr:GetDownloadUrlForLayer\",\"ecr:GetAuthorizationToken\",\"ecr:BatchGetImage\",\"ecr:BatchCheckLayerAvailability\"],\"Effect\":\"Allow\",\"Resource\":\"*\",\"Sid\":\"ECR\"},{\"Action\":\"ssm:GetParameters\",\"Effect\":\"Allow\",\"Resource\":\"arn:aws:ssm:*:*:parameter/*\",\"Sid\":\"GetSSMParams\"},{\"Action\":\"secretsmanager:GetSecretValue\",\"Effect\":\"Allow\",\"Resource\":\"arn:aws:secretsmanager:*:*:secret:*\",\"Sid\":\"GetSecrets\"}],\"Version\":\"2012-10-17\"}",
            "policy_id": "ANPAZQ3DP2QNMKZ6POVR5",
            "tags": {
              "Example": "my-ecs",
              "Name": "my-ecs",
              "Repository": "https://github.com/terraform-aws-modules/terraform-aws-ecs"
            },
            "tags_all": {
              "Example": "my-ecs",
              "Name": "my-ecs",
              "Repository": "https://github.com/terraform-aws-modules/terraform-aws-ecs"
            }
          },
          "sensitive_attributes": [],
          "private": "bnVsbA==",
          "dependencies": [
            "module.ecs_task_definition.data.aws_iam_policy_document.task_exec"
          ],
          "create_before_destroy": true
        }
      ]
    },
    {
      "module": "module.ecs_task_definition",
      "mode": "managed",
      "type": "aws_iam_role",
      "name": "task_exec",
      "provider": "provider[\"registry.terraform.io/hashicorp/aws\"]",
      "instances": [
        {
          "index_key": 0,
          "schema_version": 0,
          "attributes": {
            "arn": "arn:aws:iam::654654297114:role/my-ecs-standalone-20241217120614633400000005",
            "assume_role_policy": "{\"Statement\":[{\"Action\":\"sts:AssumeRole\",\"Effect\":\"Allow\",\"Principal\":{\"Service\":\"ecs-tasks.amazonaws.com\"},\"Sid\":\"ECSTaskExecutionAssumeRole\"}],\"Version\":\"2012-10-17\"}",
            "create_date": "2024-12-17T12:06:13Z",
            "description": "Task execution role for my-ecs-standalone",
            "force_detach_policies": true,
            "id": "my-ecs-standalone-20241217120614633400000005",
            "inline_policy": [],
            "managed_policy_arns": [],
            "max_session_duration": 3600,
            "name": "my-ecs-standalone-20241217120614633400000005",
            "name_prefix": "my-ecs-standalone-",
            "path": "/",
            "permissions_boundary": "",
            "tags": {
              "Example": "my-ecs",
              "Name": "my-ecs",
              "Repository": "https://github.com/terraform-aws-modules/terraform-aws-ecs"
            },
            "tags_all": {
              "Example": "my-ecs",
              "Name": "my-ecs",
              "Repository": "https://github.com/terraform-aws-modules/terraform-aws-ecs"
            },
            "unique_id": "AROAZQ3DP2QNGNQVLNIKO"
          },
          "sensitive_attributes": [],
          "private": "bnVsbA==",
          "dependencies": [
            "module.ecs_task_definition.data.aws_iam_policy_document.task_exec_assume"
          ],
          "create_before_destroy": true
        }
      ]
    },
    {
      "module": "module.ecs_task_definition",
      "mode": "managed",
      "type": "aws_iam_role",
      "name": "tasks",
      "provider": "provider[\"registry.terraform.io/hashicorp/aws\"]",
      "instances": [
        {
          "index_key": 0,
          "schema_version": 0,
          "attributes": {
            "arn": "arn:aws:iam::654654297114:role/my-ecs-standalone-20241217120614633400000006",
            "assume_role_policy": "{\"Statement\":[{\"Action\":\"sts:AssumeRole\",\"Condition\":{\"ArnLike\":{\"aws:SourceArn\":\"arn:aws:ecs:us-east-1:654654297114:*\"},\"StringEquals\":{\"aws:SourceAccount\":\"654654297114\"}},\"Effect\":\"Allow\",\"Principal\":{\"Service\":\"ecs-tasks.amazonaws.com\"},\"Sid\":\"ECSTasksAssumeRole\"}],\"Version\":\"2012-10-17\"}",
            "create_date": "2024-12-17T12:06:13Z",
            "description": "",
            "force_detach_policies": true,
            "id": "my-ecs-standalone-20241217120614633400000006",
            "inline_policy": [],
            "managed_policy_arns": [],
            "max_session_duration": 3600,
            "name": "my-ecs-standalone-20241217120614633400000006",
            "name_prefix": "my-ecs-standalone-",
            "path": "/",
            "permissions_boundary": "",
            "tags": {
              "Example": "my-ecs",
              "Name": "my-ecs",
              "Repository": "https://github.com/terraform-aws-modules/terraform-aws-ecs"
            },
            "tags_all": {
              "Example": "my-ecs",
              "Name": "my-ecs",
              "Repository": "https://github.com/terraform-aws-modules/terraform-aws-ecs"
            },
            "unique_id": "AROAZQ3DP2QNJWJEZPKJR"
          },
          "sensitive_attributes": [],
          "private": "bnVsbA==",
          "dependencies": [
            "module.ecs_task_definition.data.aws_caller_identity.current",
            "module.ecs_task_definition.data.aws_iam_policy_document.tasks_assume",
            "module.ecs_task_definition.data.aws_partition.current",
            "module.ecs_task_definition.data.aws_region.current"
          ],
          "create_before_destroy": true
        }
      ]
    },
    {
      "module": "module.ecs_task_definition",
      "mode": "managed",
      "type": "aws_iam_role_policy_attachment",
      "name": "task_exec",
      "provider": "provider[\"registry.terraform.io/hashicorp/aws\"]",
      "instances": [
        {
          "index_key": 0,
          "schema_version": 0,
          "attributes": {
            "id": "my-ecs-standalone-20241217120614633400000005-2024121712061543150000000a",
            "policy_arn": "arn:aws:iam::654654297114:policy/my-ecs-standalone-20241217120614631800000004",
            "role": "my-ecs-standalone-20241217120614633400000005"
          },
          "sensitive_attributes": [],
          "private": "bnVsbA==",
          "dependencies": [
            "module.ecs_task_definition.aws_iam_policy.task_exec",
            "module.ecs_task_definition.aws_iam_role.task_exec",
            "module.ecs_task_definition.data.aws_iam_policy_document.task_exec",
            "module.ecs_task_definition.data.aws_iam_policy_document.task_exec_assume"
          ],
          "create_before_destroy": true
        }
      ]
    },
    {
      "module": "module.ecs_task_definition",
      "mode": "managed",
      "type": "aws_security_group",
      "name": "this",
      "provider": "provider[\"registry.terraform.io/hashicorp/aws\"]",
      "instances": [
        {
          "index_key": 0,
          "schema_version": 1,
          "attributes": {
            "arn": "arn:aws:ec2:us-east-1:654654297114:security-group/sg-0540ea445daaabf88",
            "description": "Managed by Terraform",
            "egress": [],
            "id": "sg-0540ea445daaabf88",
            "ingress": [],
            "name": "my-ecs-standalone-20241217120629539700000010",
            "name_prefix": "my-ecs-standalone-",
            "owner_id": "654654297114",
            "revoke_rules_on_delete": false,
            "tags": {
              "Example": "my-ecs",
              "Name": "my-ecs-standalone",
              "Repository": "https://github.com/terraform-aws-modules/terraform-aws-ecs"
            },
            "tags_all": {
              "Example": "my-ecs",
              "Name": "my-ecs-standalone",
              "Repository": "https://github.com/terraform-aws-modules/terraform-aws-ecs"
            },
            "timeouts": null,
            "vpc_id": "vpc-089bb37c4f621abb7"
          },
          "sensitive_attributes": [],
          "private": "eyJlMmJmYjczMC1lY2FhLTExZTYtOGY4OC0zNDM2M2JjN2M0YzAiOnsiY3JlYXRlIjo2MDAwMDAwMDAwMDAsImRlbGV0ZSI6OTAwMDAwMDAwMDAwfSwic2NoZW1hX3ZlcnNpb24iOiIxIn0=",
          "dependencies": [
            "data.aws_availability_zones.available",
            "module.ecs_task_definition.data.aws_subnet.this",
            "module.vpc.aws_subnet.private",
            "module.vpc.aws_vpc.this",
            "module.vpc.aws_vpc_ipv4_cidr_block_association.this"
          ],
          "create_before_destroy": true
        }
      ]
    },
    {
      "module": "module.ecs_task_definition",
      "mode": "managed",
      "type": "aws_security_group_rule",
      "name": "this",
      "provider": "provider[\"registry.terraform.io/hashicorp/aws\"]",
      "instances": [
        {
          "index_key": "egress_all",
          "schema_version": 2,
          "attributes": {
            "cidr_blocks": [
              "0.0.0.0/0"
            ],
            "description": null,
            "from_port": 0,
            "id": "sgrule-4005606346",
            "ipv6_cidr_blocks": null,
            "prefix_list_ids": null,
            "protocol": "-1",
            "security_group_id": "sg-0540ea445daaabf88",
            "security_group_rule_id": "sgr-07db98afbb89c03ac",
            "self": false,
            "source_security_group_id": null,
            "timeouts": null,
            "to_port": 0,
            "type": "egress"
          },
          "sensitive_attributes": [],
          "private": "eyJlMmJmYjczMC1lY2FhLTExZTYtOGY4OC0zNDM2M2JjN2M0YzAiOnsiY3JlYXRlIjozMDAwMDAwMDAwMDB9LCJzY2hlbWFfdmVyc2lvbiI6IjIifQ==",
          "dependencies": [
            "data.aws_availability_zones.available",
            "module.ecs_task_definition.aws_security_group.this",
            "module.ecs_task_definition.data.aws_subnet.this",
            "module.vpc.aws_subnet.private",
            "module.vpc.aws_vpc.this",
            "module.vpc.aws_vpc_ipv4_cidr_block_association.this"
          ]
        }
      ]
    },
    {
      "module": "module.ecs_task_definition.module.container_definition[\"al2023\"]",
      "mode": "data",
      "type": "aws_region",
      "name": "current",
      "provider": "provider[\"registry.terraform.io/hashicorp/aws\"]",
      "instances": [
        {
          "schema_version": 0,
          "attributes": {
            "description": "US East (N. Virginia)",
            "endpoint": "ec2.us-east-1.amazonaws.com",
            "id": "us-east-1",
            "name": "us-east-1"
          },
          "sensitive_attributes": []
        }
      ]
    },
    {
      "module": "module.ecs_task_definition.module.container_definition[\"al2023\"]",
      "mode": "managed",
      "type": "aws_cloudwatch_log_group",
      "name": "this",
      "provider": "provider[\"registry.terraform.io/hashicorp/aws\"]",
      "instances": [
        {
          "index_key": 0,
          "schema_version": 0,
          "attributes": {
            "arn": "arn:aws:logs:us-east-1:654654297114:log-group:/aws/ecs/my-ecs-standalone/al2023",
            "id": "/aws/ecs/my-ecs-standalone/al2023",
            "kms_key_id": "",
            "log_group_class": "STANDARD",
            "name": "/aws/ecs/my-ecs-standalone/al2023",
            "name_prefix": "",
            "retention_in_days": 14,
            "skip_destroy": false,
            "tags": {
              "Example": "my-ecs",
              "Name": "my-ecs",
              "Repository": "https://github.com/terraform-aws-modules/terraform-aws-ecs"
            },
            "tags_all": {
              "Example": "my-ecs",
              "Name": "my-ecs",
              "Repository": "https://github.com/terraform-aws-modules/terraform-aws-ecs"
            }
          },
          "sensitive_attributes": [],
          "private": "bnVsbA==",
          "create_before_destroy": true
        }
      ]
    },
    {
      "module": "module.vpc",
      "mode": "managed",
      "type": "aws_default_network_acl",
      "name": "this",
      "provider": "provider[\"registry.terraform.io/hashicorp/aws\"]",
      "instances": [
        {
          "index_key": 0,
          "schema_version": 0,
          "attributes": {
            "arn": "arn:aws:ec2:us-east-1:654654297114:network-acl/acl-0fb9a24312e4a93cc",
            "default_network_acl_id": "acl-0fb9a24312e4a93cc",
            "egress": [
              {
                "action": "allow",
                "cidr_block": "",
                "from_port": 0,
                "icmp_code": null,
                "icmp_type": null,
                "ipv6_cidr_block": "::/0",
                "protocol": "-1",
                "rule_no": 101,
                "to_port": 0
              },
              {
                "action": "allow",
                "cidr_block": "0.0.0.0/0",
                "from_port": 0,
                "icmp_code": null,
                "icmp_type": null,
                "ipv6_cidr_block": "",
                "protocol": "-1",
                "rule_no": 100,
                "to_port": 0
              }
            ],
            "id": "acl-0fb9a24312e4a93cc",
            "ingress": [
              {
                "action": "allow",
                "cidr_block": "",
                "from_port": 0,
                "icmp_code": null,
                "icmp_type": null,
                "ipv6_cidr_block": "::/0",
                "protocol": "-1",
                "rule_no": 101,
                "to_port": 0
              },
              {
                "action": "allow",
                "cidr_block": "0.0.0.0/0",
                "from_port": 0,
                "icmp_code": null,
                "icmp_type": null,
                "ipv6_cidr_block": "",
                "protocol": "-1",
                "rule_no": 100,
                "to_port": 0
              }
            ],
            "owner_id": "654654297114",
            "subnet_ids": [
              "subnet-00ce0c487f25c2087",
              "subnet-01276493c91093582",
              "subnet-04524ed3615ae1553",
              "subnet-08243afa53e8e9d28"
            ],
            "tags": {
              "Example": "my-ecs",
              "Name": "my-ecs",
              "Repository": "https://github.com/terraform-aws-modules/terraform-aws-ecs"
            },
            "tags_all": {
              "Example": "my-ecs",
              "Name": "my-ecs",
              "Repository": "https://github.com/terraform-aws-modules/terraform-aws-ecs"
            },
            "vpc_id": "vpc-089bb37c4f621abb7"
          },
          "sensitive_attributes": [],
          "private": "bnVsbA==",
          "dependencies": [
            "module.vpc.aws_vpc.this"
          ]
        }
      ]
    },
    {
      "module": "module.vpc",
      "mode": "managed",
      "type": "aws_default_route_table",
      "name": "default",
      "provider": "provider[\"registry.terraform.io/hashicorp/aws\"]",
      "instances": [
        {
          "index_key": 0,
          "schema_version": 0,
          "attributes": {
            "arn": "arn:aws:ec2:us-east-1:654654297114:route-table/rtb-0ba06972d764e7a73",
            "default_route_table_id": "rtb-0ba06972d764e7a73",
            "id": "rtb-0ba06972d764e7a73",
            "owner_id": "654654297114",
            "propagating_vgws": null,
            "route": [],
            "tags": {
              "Example": "my-ecs",
              "Name": "my-ecs",
              "Repository": "https://github.com/terraform-aws-modules/terraform-aws-ecs"
            },
            "tags_all": {
              "Example": "my-ecs",
              "Name": "my-ecs",
              "Repository": "https://github.com/terraform-aws-modules/terraform-aws-ecs"
            },
            "timeouts": {
              "create": "5m",
              "update": "5m"
            },
            "vpc_id": "vpc-089bb37c4f621abb7"
          },
          "sensitive_attributes": [],
          "private": "eyJlMmJmYjczMC1lY2FhLTExZTYtOGY4OC0zNDM2M2JjN2M0YzAiOnsiY3JlYXRlIjozMDAwMDAwMDAwMDAsInVwZGF0ZSI6MzAwMDAwMDAwMDAwfX0=",
          "dependencies": [
            "module.vpc.aws_vpc.this"
          ]
        }
      ]
    },
    {
      "module": "module.vpc",
      "mode": "managed",
      "type": "aws_default_security_group",
      "name": "this",
      "provider": "provider[\"registry.terraform.io/hashicorp/aws\"]",
      "instances": [
        {
          "index_key": 0,
          "schema_version": 1,
          "attributes": {
            "arn": "arn:aws:ec2:us-east-1:654654297114:security-group/sg-0e74a194765f92f28",
            "description": "default VPC security group",
            "egress": [],
            "id": "sg-0e74a194765f92f28",
            "ingress": [],
            "name": "default",
            "name_prefix": "",
            "owner_id": "654654297114",
            "revoke_rules_on_delete": false,
            "tags": {
              "Example": "my-ecs",
              "Name": "my-ecs",
              "Repository": "https://github.com/terraform-aws-modules/terraform-aws-ecs"
            },
            "tags_all": {
              "Example": "my-ecs",
              "Name": "my-ecs",
              "Repository": "https://github.com/terraform-aws-modules/terraform-aws-ecs"
            },
            "vpc_id": "vpc-089bb37c4f621abb7"
          },
          "sensitive_attributes": [],
          "private": "eyJzY2hlbWFfdmVyc2lvbiI6IjEifQ==",
          "dependencies": [
            "module.vpc.aws_vpc.this"
          ]
        }
      ]
    },
    {
      "module": "module.vpc",
      "mode": "managed",
      "type": "aws_eip",
      "name": "nat",
      "provider": "provider[\"registry.terraform.io/hashicorp/aws\"]",
      "instances": [
        {
          "index_key": 0,
          "schema_version": 0,
          "attributes": {
            "address": null,
            "allocation_id": "eipalloc-05e6e785c0eca280b",
            "arn": "arn:aws:ec2:us-east-1:654654297114:elastic-ip/eipalloc-05e6e785c0eca280b",
            "associate_with_private_ip": null,
            "association_id": "",
            "carrier_ip": "",
            "customer_owned_ip": "",
            "customer_owned_ipv4_pool": "",
            "domain": "vpc",
            "id": "eipalloc-05e6e785c0eca280b",
            "instance": "",
            "ipam_pool_id": null,
            "network_border_group": "us-east-1",
            "network_interface": "",
            "private_dns": null,
            "private_ip": "",
            "ptr_record": "",
            "public_dns": "ec2-44-208-153-134.compute-1.amazonaws.com",
            "public_ip": "44.208.153.134",
            "public_ipv4_pool": "amazon",
            "tags": {
              "Example": "my-ecs",
              "Name": "my-ecs",
              "Repository": "https://github.com/terraform-aws-modules/terraform-aws-ecs"
            },
            "tags_all": {
              "Example": "my-ecs",
              "Name": "my-ecs",
              "Repository": "https://github.com/terraform-aws-modules/terraform-aws-ecs"
            },
            "timeouts": null,
            "vpc": true
          },
          "sensitive_attributes": [],
          "private": "eyJlMmJmYjczMC1lY2FhLTExZTYtOGY4OC0zNDM2M2JjN2M0YzAiOnsiZGVsZXRlIjoxODAwMDAwMDAwMDAsInJlYWQiOjkwMDAwMDAwMDAwMCwidXBkYXRlIjozMDAwMDAwMDAwMDB9fQ==",
          "dependencies": [
            "data.aws_availability_zones.available",
            "module.vpc.aws_internet_gateway.this",
            "module.vpc.aws_vpc.this",
            "module.vpc.aws_vpc_ipv4_cidr_block_association.this"
          ]
        }
      ]
    },
    {
      "module": "module.vpc",
      "mode": "managed",
      "type": "aws_internet_gateway",
      "name": "this",
      "provider": "provider[\"registry.terraform.io/hashicorp/aws\"]",
      "instances": [
        {
          "index_key": 0,
          "schema_version": 0,
          "attributes": {
            "arn": "arn:aws:ec2:us-east-1:654654297114:internet-gateway/igw-074a20945c9048865",
            "id": "igw-074a20945c9048865",
            "owner_id": "654654297114",
            "tags": {
              "Example": "my-ecs",
              "Name": "my-ecs",
              "Repository": "https://github.com/terraform-aws-modules/terraform-aws-ecs"
            },
            "tags_all": {
              "Example": "my-ecs",
              "Name": "my-ecs",
              "Repository": "https://github.com/terraform-aws-modules/terraform-aws-ecs"
            },
            "timeouts": null,
            "vpc_id": "vpc-089bb37c4f621abb7"
          },
          "sensitive_attributes": [],
          "private": "eyJlMmJmYjczMC1lY2FhLTExZTYtOGY4OC0zNDM2M2JjN2M0YzAiOnsiY3JlYXRlIjoxMjAwMDAwMDAwMDAwLCJkZWxldGUiOjEyMDAwMDAwMDAwMDAsInVwZGF0ZSI6MTIwMDAwMDAwMDAwMH19",
          "dependencies": [
            "data.aws_availability_zones.available",
            "module.vpc.aws_vpc.this",
            "module.vpc.aws_vpc_ipv4_cidr_block_association.this"
          ]
        }
      ]
    },
    {
      "module": "module.vpc",
      "mode": "managed",
      "type": "aws_nat_gateway",
      "name": "this",
      "provider": "provider[\"registry.terraform.io/hashicorp/aws\"]",
      "instances": [
        {
          "index_key": 0,
          "schema_version": 0,
          "attributes": {
            "allocation_id": "eipalloc-05e6e785c0eca280b",
            "association_id": "eipassoc-06745b0b87a7075cf",
            "connectivity_type": "public",
            "id": "nat-036ad8cc2489ba2b9",
            "network_interface_id": "eni-080666ef5a0d4ac79",
            "private_ip": "10.0.48.58",
            "public_ip": "44.208.153.134",
            "secondary_allocation_ids": null,
            "secondary_private_ip_address_count": 0,
            "secondary_private_ip_addresses": [],
            "subnet_id": "subnet-01276493c91093582",
            "tags": {
              "Example": "my-ecs",
              "Name": "my-ecs",
              "Repository": "https://github.com/terraform-aws-modules/terraform-aws-ecs"
            },
            "tags_all": {
              "Example": "my-ecs",
              "Name": "my-ecs",
              "Repository": "https://github.com/terraform-aws-modules/terraform-aws-ecs"
            },
            "timeouts": null
          },
          "sensitive_attributes": [],
          "private": "eyJlMmJmYjczMC1lY2FhLTExZTYtOGY4OC0zNDM2M2JjN2M0YzAiOnsiY3JlYXRlIjo2MDAwMDAwMDAwMDAsImRlbGV0ZSI6MTgwMDAwMDAwMDAwMCwidXBkYXRlIjo2MDAwMDAwMDAwMDB9fQ==",
          "dependencies": [
            "data.aws_availability_zones.available",
            "module.vpc.aws_eip.nat",
            "module.vpc.aws_internet_gateway.this",
            "module.vpc.aws_subnet.public",
            "module.vpc.aws_vpc.this",
            "module.vpc.aws_vpc_ipv4_cidr_block_association.this"
          ]
        }
      ]
    },
    {
      "module": "module.vpc",
      "mode": "managed",
      "type": "aws_route",
      "name": "private_nat_gateway",
      "provider": "provider[\"registry.terraform.io/hashicorp/aws\"]",
      "instances": [
        {
          "index_key": 0,
          "schema_version": 0,
          "attributes": {
            "carrier_gateway_id": "",
            "core_network_arn": "",
            "destination_cidr_block": "0.0.0.0/0",
            "destination_ipv6_cidr_block": "",
            "destination_prefix_list_id": "",
            "egress_only_gateway_id": "",
            "gateway_id": "",
            "id": "r-rtb-0e4d6d388c781fe4e1080289494",
            "instance_id": "",
            "instance_owner_id": "",
            "local_gateway_id": "",
            "nat_gateway_id": "nat-036ad8cc2489ba2b9",
            "network_interface_id": "",
            "origin": "CreateRoute",
            "route_table_id": "rtb-0e4d6d388c781fe4e",
            "state": "active",
            "timeouts": {
              "create": "5m",
              "delete": null,
              "update": null
            },
            "transit_gateway_id": "",
            "vpc_endpoint_id": "",
            "vpc_peering_connection_id": ""
          },
          "sensitive_attributes": [],
          "private": "eyJlMmJmYjczMC1lY2FhLTExZTYtOGY4OC0zNDM2M2JjN2M0YzAiOnsiY3JlYXRlIjozMDAwMDAwMDAwMDAsImRlbGV0ZSI6MzAwMDAwMDAwMDAwLCJ1cGRhdGUiOjEyMDAwMDAwMDAwMH19",
          "dependencies": [
            "data.aws_availability_zones.available",
            "module.vpc.aws_eip.nat",
            "module.vpc.aws_internet_gateway.this",
            "module.vpc.aws_nat_gateway.this",
            "module.vpc.aws_route_table.private",
            "module.vpc.aws_subnet.public",
            "module.vpc.aws_vpc.this",
            "module.vpc.aws_vpc_ipv4_cidr_block_association.this"
          ]
        }
      ]
    },
    {
      "module": "module.vpc",
      "mode": "managed",
      "type": "aws_route",
      "name": "public_internet_gateway",
      "provider": "provider[\"registry.terraform.io/hashicorp/aws\"]",
      "instances": [
        {
          "index_key": 0,
          "schema_version": 0,
          "attributes": {
            "carrier_gateway_id": "",
            "core_network_arn": "",
            "destination_cidr_block": "0.0.0.0/0",
            "destination_ipv6_cidr_block": "",
            "destination_prefix_list_id": "",
            "egress_only_gateway_id": "",
            "gateway_id": "igw-074a20945c9048865",
            "id": "r-rtb-0e3cd32ccdd2ee7c01080289494",
            "instance_id": "",
            "instance_owner_id": "",
            "local_gateway_id": "",
            "nat_gateway_id": "",
            "network_interface_id": "",
            "origin": "CreateRoute",
            "route_table_id": "rtb-0e3cd32ccdd2ee7c0",
            "state": "active",
            "timeouts": {
              "create": "5m",
              "delete": null,
              "update": null
            },
            "transit_gateway_id": "",
            "vpc_endpoint_id": "",
            "vpc_peering_connection_id": ""
          },
          "sensitive_attributes": [],
          "private": "eyJlMmJmYjczMC1lY2FhLTExZTYtOGY4OC0zNDM2M2JjN2M0YzAiOnsiY3JlYXRlIjozMDAwMDAwMDAwMDAsImRlbGV0ZSI6MzAwMDAwMDAwMDAwLCJ1cGRhdGUiOjEyMDAwMDAwMDAwMH19",
          "dependencies": [
            "data.aws_availability_zones.available",
            "module.vpc.aws_internet_gateway.this",
            "module.vpc.aws_route_table.public",
            "module.vpc.aws_vpc.this",
            "module.vpc.aws_vpc_ipv4_cidr_block_association.this"
          ]
        }
      ]
    },
    {
      "module": "module.vpc",
      "mode": "managed",
      "type": "aws_route_table",
      "name": "private",
      "provider": "provider[\"registry.terraform.io/hashicorp/aws\"]",
      "instances": [
        {
          "index_key": 0,
          "schema_version": 0,
          "attributes": {
            "arn": "arn:aws:ec2:us-east-1:654654297114:route-table/rtb-0e4d6d388c781fe4e",
            "id": "rtb-0e4d6d388c781fe4e",
            "owner_id": "654654297114",
            "propagating_vgws": [],
            "route": [],
            "tags": {
              "Example": "my-ecs",
              "Name": "my-ecs",
              "Repository": "https://github.com/terraform-aws-modules/terraform-aws-ecs"
            },
            "tags_all": {
              "Example": "my-ecs",
              "Name": "my-ecs",
              "Repository": "https://github.com/terraform-aws-modules/terraform-aws-ecs"
            },
            "timeouts": null,
            "vpc_id": "vpc-089bb37c4f621abb7"
          },
          "sensitive_attributes": [],
          "private": "eyJlMmJmYjczMC1lY2FhLTExZTYtOGY4OC0zNDM2M2JjN2M0YzAiOnsiY3JlYXRlIjozMDAwMDAwMDAwMDAsImRlbGV0ZSI6MzAwMDAwMDAwMDAwLCJ1cGRhdGUiOjEyMDAwMDAwMDAwMH19",
          "dependencies": [
            "data.aws_availability_zones.available",
            "module.vpc.aws_vpc.this",
            "module.vpc.aws_vpc_ipv4_cidr_block_association.this"
          ]
        }
      ]
    },
    {
      "module": "module.vpc",
      "mode": "managed",
      "type": "aws_route_table",
      "name": "public",
      "provider": "provider[\"registry.terraform.io/hashicorp/aws\"]",
      "instances": [
        {
          "index_key": 0,
          "schema_version": 0,
          "attributes": {
            "arn": "arn:aws:ec2:us-east-1:654654297114:route-table/rtb-0e3cd32ccdd2ee7c0",
            "id": "rtb-0e3cd32ccdd2ee7c0",
            "owner_id": "654654297114",
            "propagating_vgws": [],
            "route": [],
            "tags": {
              "Example": "my-ecs",
              "Name": "my-ecs",
              "Repository": "https://github.com/terraform-aws-modules/terraform-aws-ecs"
            },
            "tags_all": {
              "Example": "my-ecs",
              "Name": "my-ecs",
              "Repository": "https://github.com/terraform-aws-modules/terraform-aws-ecs"
            },
            "timeouts": null,
            "vpc_id": "vpc-089bb37c4f621abb7"
          },
          "sensitive_attributes": [],
          "private": "eyJlMmJmYjczMC1lY2FhLTExZTYtOGY4OC0zNDM2M2JjN2M0YzAiOnsiY3JlYXRlIjozMDAwMDAwMDAwMDAsImRlbGV0ZSI6MzAwMDAwMDAwMDAwLCJ1cGRhdGUiOjEyMDAwMDAwMDAwMH19",
          "dependencies": [
            "data.aws_availability_zones.available",
            "module.vpc.aws_vpc.this",
            "module.vpc.aws_vpc_ipv4_cidr_block_association.this"
          ]
        }
      ]
    },
    {
      "module": "module.vpc",
      "mode": "managed",
      "type": "aws_route_table_association",
      "name": "private",
      "provider": "provider[\"registry.terraform.io/hashicorp/aws\"]",
      "instances": [
        {
          "index_key": 0,
          "schema_version": 0,
          "attributes": {
            "gateway_id": "",
            "id": "rtbassoc-016f943d96c3c2a34",
            "route_table_id": "rtb-0e4d6d388c781fe4e",
            "subnet_id": "subnet-04524ed3615ae1553",
            "timeouts": null
          },
          "sensitive_attributes": [],
          "private": "eyJlMmJmYjczMC1lY2FhLTExZTYtOGY4OC0zNDM2M2JjN2M0YzAiOnsiY3JlYXRlIjozMDAwMDAwMDAwMDAsImRlbGV0ZSI6MzAwMDAwMDAwMDAwLCJ1cGRhdGUiOjEyMDAwMDAwMDAwMH19",
          "dependencies": [
            "data.aws_availability_zones.available",
            "module.vpc.aws_route_table.private",
            "module.vpc.aws_subnet.private",
            "module.vpc.aws_vpc.this",
            "module.vpc.aws_vpc_ipv4_cidr_block_association.this"
          ]
        },
        {
          "index_key": 1,
          "schema_version": 0,
          "attributes": {
            "gateway_id": "",
            "id": "rtbassoc-08f7f8da7bcc4d053",
            "route_table_id": "rtb-0e4d6d388c781fe4e",
            "subnet_id": "subnet-00ce0c487f25c2087",
            "timeouts": null
          },
          "sensitive_attributes": [],
          "private": "eyJlMmJmYjczMC1lY2FhLTExZTYtOGY4OC0zNDM2M2JjN2M0YzAiOnsiY3JlYXRlIjozMDAwMDAwMDAwMDAsImRlbGV0ZSI6MzAwMDAwMDAwMDAwLCJ1cGRhdGUiOjEyMDAwMDAwMDAwMH19",
          "dependencies": [
            "data.aws_availability_zones.available",
            "module.vpc.aws_route_table.private",
            "module.vpc.aws_subnet.private",
            "module.vpc.aws_vpc.this",
            "module.vpc.aws_vpc_ipv4_cidr_block_association.this"
          ]
        }
      ]
    },
    {
      "module": "module.vpc",
      "mode": "managed",
      "type": "aws_route_table_association",
      "name": "public",
      "provider": "provider[\"registry.terraform.io/hashicorp/aws\"]",
      "instances": [
        {
          "index_key": 0,
          "schema_version": 0,
          "attributes": {
            "gateway_id": "",
            "id": "rtbassoc-077f1647a3a14774d",
            "route_table_id": "rtb-0e3cd32ccdd2ee7c0",
            "subnet_id": "subnet-01276493c91093582",
            "timeouts": null
          },
          "sensitive_attributes": [],
          "private": "eyJlMmJmYjczMC1lY2FhLTExZTYtOGY4OC0zNDM2M2JjN2M0YzAiOnsiY3JlYXRlIjozMDAwMDAwMDAwMDAsImRlbGV0ZSI6MzAwMDAwMDAwMDAwLCJ1cGRhdGUiOjEyMDAwMDAwMDAwMH19",
          "dependencies": [
            "data.aws_availability_zones.available",
            "module.vpc.aws_route_table.public",
            "module.vpc.aws_subnet.public",
            "module.vpc.aws_vpc.this",
            "module.vpc.aws_vpc_ipv4_cidr_block_association.this"
          ]
        },
        {
          "index_key": 1,
          "schema_version": 0,
          "attributes": {
            "gateway_id": "",
            "id": "rtbassoc-02c38019754ede507",
            "route_table_id": "rtb-0e3cd32ccdd2ee7c0",
            "subnet_id": "subnet-08243afa53e8e9d28",
            "timeouts": null
          },
          "sensitive_attributes": [],
          "private": "eyJlMmJmYjczMC1lY2FhLTExZTYtOGY4OC0zNDM2M2JjN2M0YzAiOnsiY3JlYXRlIjozMDAwMDAwMDAwMDAsImRlbGV0ZSI6MzAwMDAwMDAwMDAwLCJ1cGRhdGUiOjEyMDAwMDAwMDAwMH19",
          "dependencies": [
            "data.aws_availability_zones.available",
            "module.vpc.aws_route_table.public",
            "module.vpc.aws_subnet.public",
            "module.vpc.aws_vpc.this",
            "module.vpc.aws_vpc_ipv4_cidr_block_association.this"
          ]
        }
      ]
    },
    {
      "module": "module.vpc",
      "mode": "managed",
      "type": "aws_subnet",
      "name": "private",
      "provider": "provider[\"registry.terraform.io/hashicorp/aws\"]",
      "instances": [
        {
          "index_key": 0,
          "schema_version": 1,
          "attributes": {
            "arn": "arn:aws:ec2:us-east-1:654654297114:subnet/subnet-04524ed3615ae1553",
            "assign_ipv6_address_on_creation": false,
            "availability_zone": "us-east-1a",
            "availability_zone_id": "use1-az6",
            "cidr_block": "10.0.0.0/20",
            "customer_owned_ipv4_pool": "",
            "enable_dns64": false,
            "enable_lni_at_device_index": 0,
            "enable_resource_name_dns_a_record_on_launch": false,
            "enable_resource_name_dns_aaaa_record_on_launch": false,
            "id": "subnet-04524ed3615ae1553",
            "ipv6_cidr_block": "",
            "ipv6_cidr_block_association_id": "",
            "ipv6_native": false,
            "map_customer_owned_ip_on_launch": false,
            "map_public_ip_on_launch": false,
            "outpost_arn": "",
            "owner_id": "654654297114",
            "private_dns_hostname_type_on_launch": "ip-name",
            "tags": {
              "Example": "my-ecs",
              "Name": "my-ecs",
              "Repository": "https://github.com/terraform-aws-modules/terraform-aws-ecs"
            },
            "tags_all": {
              "Example": "my-ecs",
              "Name": "my-ecs",
              "Repository": "https://github.com/terraform-aws-modules/terraform-aws-ecs"
            },
            "timeouts": null,
            "vpc_id": "vpc-089bb37c4f621abb7"
          },
          "sensitive_attributes": [],
          "private": "eyJlMmJmYjczMC1lY2FhLTExZTYtOGY4OC0zNDM2M2JjN2M0YzAiOnsiY3JlYXRlIjo2MDAwMDAwMDAwMDAsImRlbGV0ZSI6MTIwMDAwMDAwMDAwMH0sInNjaGVtYV92ZXJzaW9uIjoiMSJ9",
          "dependencies": [
            "data.aws_availability_zones.available",
            "module.vpc.aws_vpc.this",
            "module.vpc.aws_vpc_ipv4_cidr_block_association.this"
          ],
          "create_before_destroy": true
        },
        {
          "index_key": 1,
          "schema_version": 1,
          "attributes": {
            "arn": "arn:aws:ec2:us-east-1:654654297114:subnet/subnet-00ce0c487f25c2087",
            "assign_ipv6_address_on_creation": false,
            "availability_zone": "us-east-1b",
            "availability_zone_id": "use1-az1",
            "cidr_block": "10.0.16.0/20",
            "customer_owned_ipv4_pool": "",
            "enable_dns64": false,
            "enable_lni_at_device_index": 0,
            "enable_resource_name_dns_a_record_on_launch": false,
            "enable_resource_name_dns_aaaa_record_on_launch": false,
            "id": "subnet-00ce0c487f25c2087",
            "ipv6_cidr_block": "",
            "ipv6_cidr_block_association_id": "",
            "ipv6_native": false,
            "map_customer_owned_ip_on_launch": false,
            "map_public_ip_on_launch": false,
            "outpost_arn": "",
            "owner_id": "654654297114",
            "private_dns_hostname_type_on_launch": "ip-name",
            "tags": {
              "Example": "my-ecs",
              "Name": "my-ecs",
              "Repository": "https://github.com/terraform-aws-modules/terraform-aws-ecs"
            },
            "tags_all": {
              "Example": "my-ecs",
              "Name": "my-ecs",
              "Repository": "https://github.com/terraform-aws-modules/terraform-aws-ecs"
            },
            "timeouts": null,
            "vpc_id": "vpc-089bb37c4f621abb7"
          },
          "sensitive_attributes": [],
          "private": "eyJlMmJmYjczMC1lY2FhLTExZTYtOGY4OC0zNDM2M2JjN2M0YzAiOnsiY3JlYXRlIjo2MDAwMDAwMDAwMDAsImRlbGV0ZSI6MTIwMDAwMDAwMDAwMH0sInNjaGVtYV92ZXJzaW9uIjoiMSJ9",
          "dependencies": [
            "data.aws_availability_zones.available",
            "module.vpc.aws_vpc.this",
            "module.vpc.aws_vpc_ipv4_cidr_block_association.this"
          ],
          "create_before_destroy": true
        }
      ]
    },
    {
      "module": "module.vpc",
      "mode": "managed",
      "type": "aws_subnet",
      "name": "public",
      "provider": "provider[\"registry.terraform.io/hashicorp/aws\"]",
      "instances": [
        {
          "index_key": 0,
          "schema_version": 1,
          "attributes": {
            "arn": "arn:aws:ec2:us-east-1:654654297114:subnet/subnet-01276493c91093582",
            "assign_ipv6_address_on_creation": false,
            "availability_zone": "us-east-1a",
            "availability_zone_id": "use1-az6",
            "cidr_block": "10.0.48.0/24",
            "customer_owned_ipv4_pool": "",
            "enable_dns64": false,
            "enable_lni_at_device_index": 0,
            "enable_resource_name_dns_a_record_on_launch": false,
            "enable_resource_name_dns_aaaa_record_on_launch": false,
            "id": "subnet-01276493c91093582",
            "ipv6_cidr_block": "",
            "ipv6_cidr_block_association_id": "",
            "ipv6_native": false,
            "map_customer_owned_ip_on_launch": false,
            "map_public_ip_on_launch": false,
            "outpost_arn": "",
            "owner_id": "654654297114",
            "private_dns_hostname_type_on_launch": "ip-name",
            "tags": {
              "Example": "my-ecs",
              "Name": "my-ecs",
              "Repository": "https://github.com/terraform-aws-modules/terraform-aws-ecs"
            },
            "tags_all": {
              "Example": "my-ecs",
              "Name": "my-ecs",
              "Repository": "https://github.com/terraform-aws-modules/terraform-aws-ecs"
            },
            "timeouts": null,
            "vpc_id": "vpc-089bb37c4f621abb7"
          },
          "sensitive_attributes": [],
          "private": "eyJlMmJmYjczMC1lY2FhLTExZTYtOGY4OC0zNDM2M2JjN2M0YzAiOnsiY3JlYXRlIjo2MDAwMDAwMDAwMDAsImRlbGV0ZSI6MTIwMDAwMDAwMDAwMH0sInNjaGVtYV92ZXJzaW9uIjoiMSJ9",
          "dependencies": [
            "data.aws_availability_zones.available",
            "module.vpc.aws_vpc.this",
            "module.vpc.aws_vpc_ipv4_cidr_block_association.this"
          ]
        },
        {
          "index_key": 1,
          "schema_version": 1,
          "attributes": {
            "arn": "arn:aws:ec2:us-east-1:654654297114:subnet/subnet-08243afa53e8e9d28",
            "assign_ipv6_address_on_creation": false,
            "availability_zone": "us-east-1b",
            "availability_zone_id": "use1-az1",
            "cidr_block": "10.0.49.0/24",
            "customer_owned_ipv4_pool": "",
            "enable_dns64": false,
            "enable_lni_at_device_index": 0,
            "enable_resource_name_dns_a_record_on_launch": false,
            "enable_resource_name_dns_aaaa_record_on_launch": false,
            "id": "subnet-08243afa53e8e9d28",
            "ipv6_cidr_block": "",
            "ipv6_cidr_block_association_id": "",
            "ipv6_native": false,
            "map_customer_owned_ip_on_launch": false,
            "map_public_ip_on_launch": false,
            "outpost_arn": "",
            "owner_id": "654654297114",
            "private_dns_hostname_type_on_launch": "ip-name",
            "tags": {
              "Example": "my-ecs",
              "Name": "my-ecs",
              "Repository": "https://github.com/terraform-aws-modules/terraform-aws-ecs"
            },
            "tags_all": {
              "Example": "my-ecs",
              "Name": "my-ecs",
              "Repository": "https://github.com/terraform-aws-modules/terraform-aws-ecs"
            },
            "timeouts": null,
            "vpc_id": "vpc-089bb37c4f621abb7"
          },
          "sensitive_attributes": [],
          "private": "eyJlMmJmYjczMC1lY2FhLTExZTYtOGY4OC0zNDM2M2JjN2M0YzAiOnsiY3JlYXRlIjo2MDAwMDAwMDAwMDAsImRlbGV0ZSI6MTIwMDAwMDAwMDAwMH0sInNjaGVtYV92ZXJzaW9uIjoiMSJ9",
          "dependencies": [
            "data.aws_availability_zones.available",
            "module.vpc.aws_vpc.this",
            "module.vpc.aws_vpc_ipv4_cidr_block_association.this"
          ]
        }
      ]
    },
    {
      "module": "module.vpc",
      "mode": "managed",
      "type": "aws_vpc",
      "name": "this",
      "provider": "provider[\"registry.terraform.io/hashicorp/aws\"]",
      "instances": [
        {
          "index_key": 0,
          "schema_version": 1,
          "attributes": {
            "arn": "arn:aws:ec2:us-east-1:654654297114:vpc/vpc-089bb37c4f621abb7",
            "assign_generated_ipv6_cidr_block": false,
            "cidr_block": "10.0.0.0/16",
            "default_network_acl_id": "acl-0fb9a24312e4a93cc",
            "default_route_table_id": "rtb-0ba06972d764e7a73",
            "default_security_group_id": "sg-0e74a194765f92f28",
            "dhcp_options_id": "dopt-0cb0659b75a42a45b",
            "enable_dns_hostnames": true,
            "enable_dns_support": true,
            "enable_network_address_usage_metrics": false,
            "id": "vpc-089bb37c4f621abb7",
            "instance_tenancy": "default",
            "ipv4_ipam_pool_id": null,
            "ipv4_netmask_length": null,
            "ipv6_association_id": "",
            "ipv6_cidr_block": "",
            "ipv6_cidr_block_network_border_group": "",
            "ipv6_ipam_pool_id": "",
            "ipv6_netmask_length": 0,
            "main_route_table_id": "rtb-0ba06972d764e7a73",
            "owner_id": "654654297114",
            "tags": {
              "Example": "my-ecs",
              "Name": "my-ecs",
              "Repository": "https://github.com/terraform-aws-modules/terraform-aws-ecs"
            },
            "tags_all": {
              "Example": "my-ecs",
              "Name": "my-ecs",
              "Repository": "https://github.com/terraform-aws-modules/terraform-aws-ecs"
            }
          },
          "sensitive_attributes": [],
          "private": "eyJzY2hlbWFfdmVyc2lvbiI6IjEifQ==",
          "create_before_destroy": true
        }
      ]
    }
  ],
  "check_results": null
}
